// !$*UTF8*$!
{
	archiveVersion = 1;
	classes = {
	};
	objectVersion = 56;
	objects = {

/* Begin PBXBuildFile section */
		3719716B2B60723900243B0F /* FeedPresenter.swift in Sources */ = {isa = PBXBuildFile; fileRef = 3719716A2B60723900243B0F /* FeedPresenter.swift */; };
		3719716D2B60859600243B0F /* FeedImagePresenter.swift in Sources */ = {isa = PBXBuildFile; fileRef = 3719716C2B60859600243B0F /* FeedImagePresenter.swift */; };
		3719716F2B60898800243B0F /* FeedLoadingViewModel.swift in Sources */ = {isa = PBXBuildFile; fileRef = 3719716E2B60898800243B0F /* FeedLoadingViewModel.swift */; };
		371971712B6089A500243B0F /* FeedViewModel.swift in Sources */ = {isa = PBXBuildFile; fileRef = 371971702B6089A500243B0F /* FeedViewModel.swift */; };
		371971732B608B6B00243B0F /* Feed.storyboard in Resources */ = {isa = PBXBuildFile; fileRef = 371971722B608B6A00243B0F /* Feed.storyboard */; };
		371971752B608BCD00243B0F /* Feed.xcassets in Resources */ = {isa = PBXBuildFile; fileRef = 371971742B608BCD00243B0F /* Feed.xcassets */; };
		371971772B61BF2600243B0F /* UITableView+Dequeueing.swift in Sources */ = {isa = PBXBuildFile; fileRef = 371971762B61BF2600243B0F /* UITableView+Dequeueing.swift */; };
		371971792B61C0B100243B0F /* UIImageView+Animations.swift in Sources */ = {isa = PBXBuildFile; fileRef = 371971782B61C0B100243B0F /* UIImageView+Animations.swift */; };
		3719717B2B61C6CB00243B0F /* Feed.xcstrings in Resources */ = {isa = PBXBuildFile; fileRef = 3719717A2B61C6CB00243B0F /* Feed.xcstrings */; };
		3730AC582B595ABF0004D0E0 /* FeedViewControllerTests.swift in Sources */ = {isa = PBXBuildFile; fileRef = 3730AC572B595ABF0004D0E0 /* FeedViewControllerTests.swift */; };
		3730AC5A2B595EC60004D0E0 /* EssentialFeed.framework in Frameworks */ = {isa = PBXBuildFile; fileRef = 378A23002AD1522B0099BD13 /* EssentialFeed.framework */; };
		3730AC5B2B595EC60004D0E0 /* EssentialFeed.framework in Embed Frameworks */ = {isa = PBXBuildFile; fileRef = 378A23002AD1522B0099BD13 /* EssentialFeed.framework */; settings = {ATTRIBUTES = (CodeSignOnCopy, RemoveHeadersOnCopy, ); }; };
		3730AC5F2B598EEA0004D0E0 /* XCTestCase+MemoryLeaksTracking.swift in Sources */ = {isa = PBXBuildFile; fileRef = 378A23DD2AD5F4C80099BD13 /* XCTestCase+MemoryLeaksTracking.swift */; };
		3730AC612B59BA470004D0E0 /* FeedViewController.swift in Sources */ = {isa = PBXBuildFile; fileRef = 3730AC602B59BA470004D0E0 /* FeedViewController.swift */; };
		374C9C242B48A9DB00DAC4E4 /* ValidateFeedCacheUseCaseTests.swift in Sources */ = {isa = PBXBuildFile; fileRef = 374C9C232B48A9DB00DAC4E4 /* ValidateFeedCacheUseCaseTests.swift */; };
		374C9C262B48AF9E00DAC4E4 /* FeedCacheTestHelpers.swift in Sources */ = {isa = PBXBuildFile; fileRef = 374C9C252B48AF9E00DAC4E4 /* FeedCacheTestHelpers.swift */; };
		374C9C282B48B0EA00DAC4E4 /* SharedTestHelpers.swift in Sources */ = {isa = PBXBuildFile; fileRef = 374C9C272B48B0EA00DAC4E4 /* SharedTestHelpers.swift */; };
		374C9C2A2B49D26F00DAC4E4 /* FeedCachePolicy.swift in Sources */ = {isa = PBXBuildFile; fileRef = 374C9C292B49D26F00DAC4E4 /* FeedCachePolicy.swift */; };
		378472A32B586F800068BAC2 /* EssentialFeediOS.docc in Sources */ = {isa = PBXBuildFile; fileRef = 378472A22B586F800068BAC2 /* EssentialFeediOS.docc */; };
		378472A92B586F800068BAC2 /* EssentialFeediOS.framework in Frameworks */ = {isa = PBXBuildFile; fileRef = 3784729F2B586F800068BAC2 /* EssentialFeediOS.framework */; };
		378A23052AD1522B0099BD13 /* EssentialFeed.docc in Sources */ = {isa = PBXBuildFile; fileRef = 378A23042AD1522B0099BD13 /* EssentialFeed.docc */; };
		378A230B2AD1522B0099BD13 /* EssentialFeed.framework in Frameworks */ = {isa = PBXBuildFile; fileRef = 378A23002AD1522B0099BD13 /* EssentialFeed.framework */; };
		378A23102AD1522B0099BD13 /* LoadFeedFromRemoteUseCaseTests.swift in Sources */ = {isa = PBXBuildFile; fileRef = 378A230F2AD1522B0099BD13 /* LoadFeedFromRemoteUseCaseTests.swift */; };
		378A23112AD1522B0099BD13 /* EssentialFeed.h in Headers */ = {isa = PBXBuildFile; fileRef = 378A23032AD1522B0099BD13 /* EssentialFeed.h */; settings = {ATTRIBUTES = (Public, ); }; };
		378A231D2AD154080099BD13 /* FeedImage.swift in Sources */ = {isa = PBXBuildFile; fileRef = 378A231C2AD154080099BD13 /* FeedImage.swift */; };
		378A231F2AD15A940099BD13 /* FeedLoader.swift in Sources */ = {isa = PBXBuildFile; fileRef = 378A231E2AD15A940099BD13 /* FeedLoader.swift */; };
		378A23232AD181560099BD13 /* RemoteFeedLoader.swift in Sources */ = {isa = PBXBuildFile; fileRef = 378A23222AD181560099BD13 /* RemoteFeedLoader.swift */; };
		378A23252AD1D5BB0099BD13 /* HTTPClient.swift in Sources */ = {isa = PBXBuildFile; fileRef = 378A23242AD1D5BB0099BD13 /* HTTPClient.swift */; };
		378A23272AD1D6750099BD13 /* FeedItemsMapper.swift in Sources */ = {isa = PBXBuildFile; fileRef = 378A23262AD1D6750099BD13 /* FeedItemsMapper.swift */; };
		378A23CA2AD474460099BD13 /* URLSessionHTTPClientTests.swift in Sources */ = {isa = PBXBuildFile; fileRef = 378A23C92AD474450099BD13 /* URLSessionHTTPClientTests.swift */; };
		378A23DE2AD5F4C80099BD13 /* XCTestCase+MemoryLeaksTracking.swift in Sources */ = {isa = PBXBuildFile; fileRef = 378A23DD2AD5F4C80099BD13 /* XCTestCase+MemoryLeaksTracking.swift */; };
		3797BAB82AD98C360041F9E6 /* URLSessionHTTPClient.swift in Sources */ = {isa = PBXBuildFile; fileRef = 3797BAB72AD98C360041F9E6 /* URLSessionHTTPClient.swift */; };
		37A5B4BD2ADC5C1C0093438A /* EssentialFeedEndToEndTests.swift in Sources */ = {isa = PBXBuildFile; fileRef = 37A5B4BC2ADC5C1C0093438A /* EssentialFeedEndToEndTests.swift */; };
		37A5B4BE2ADC5C1C0093438A /* EssentialFeed.framework in Frameworks */ = {isa = PBXBuildFile; fileRef = 378A23002AD1522B0099BD13 /* EssentialFeed.framework */; };
		37A5B4C42ADC6D8B0093438A /* XCTestCase+MemoryLeaksTracking.swift in Sources */ = {isa = PBXBuildFile; fileRef = 378A23DD2AD5F4C80099BD13 /* XCTestCase+MemoryLeaksTracking.swift */; };
		37B2CF182B543EF30029803E /* FeedStoreSpecs.swift in Sources */ = {isa = PBXBuildFile; fileRef = 37B2CF172B543EF30029803E /* FeedStoreSpecs.swift */; };
		37B2CF1A2B5440160029803E /* XCTestCase+FeedStoreSpecs.swift in Sources */ = {isa = PBXBuildFile; fileRef = 37B2CF192B5440160029803E /* XCTestCase+FeedStoreSpecs.swift */; };
		37B2CF1D2B5445B40029803E /* XCTestCase+FailableRetrieveFeedStoreSpecs.swift in Sources */ = {isa = PBXBuildFile; fileRef = 37B2CF1C2B5445B40029803E /* XCTestCase+FailableRetrieveFeedStoreSpecs.swift */; };
		37B2CF1F2B5446760029803E /* XCTestCase+FailableInsertFeedStoreSpecs.swift in Sources */ = {isa = PBXBuildFile; fileRef = 37B2CF1E2B5446760029803E /* XCTestCase+FailableInsertFeedStoreSpecs.swift */; };
		37B2CF212B5446FD0029803E /* XCTestCase+FailableDeleteFeedStoreSpecs.swift in Sources */ = {isa = PBXBuildFile; fileRef = 37B2CF202B5446FD0029803E /* XCTestCase+FailableDeleteFeedStoreSpecs.swift */; };
		37B2CF232B544E9F0029803E /* CoreDataFeedStoreTests.swift in Sources */ = {isa = PBXBuildFile; fileRef = 37B2CF222B544E9F0029803E /* CoreDataFeedStoreTests.swift */; };
		37B2CF262B544F870029803E /* CoreDataFeedStore.swift in Sources */ = {isa = PBXBuildFile; fileRef = 37B2CF242B544F160029803E /* CoreDataFeedStore.swift */; };
		37B2CF292B54502A0029803E /* FeedStore.xcdatamodeld in Sources */ = {isa = PBXBuildFile; fileRef = 37B2CF272B5450290029803E /* FeedStore.xcdatamodeld */; };
		37B2CF2F2B548F040029803E /* CoreDataHelpers.swift in Sources */ = {isa = PBXBuildFile; fileRef = 37B2CF2E2B548F040029803E /* CoreDataHelpers.swift */; };
		37B2CF312B548F7F0029803E /* ManagedCache.swift in Sources */ = {isa = PBXBuildFile; fileRef = 37B2CF302B548F7F0029803E /* ManagedCache.swift */; };
		37B2CF332B548FA70029803E /* ManagedFeedImage.swift in Sources */ = {isa = PBXBuildFile; fileRef = 37B2CF322B548FA70029803E /* ManagedFeedImage.swift */; };
		37B2CF652B5494430029803E /* EssentialFeedCacheIntegrationTests.swift in Sources */ = {isa = PBXBuildFile; fileRef = 37B2CF642B5494430029803E /* EssentialFeedCacheIntegrationTests.swift */; };
		37B2CF662B5494430029803E /* EssentialFeed.framework in Frameworks */ = {isa = PBXBuildFile; fileRef = 378A23002AD1522B0099BD13 /* EssentialFeed.framework */; };
		37B2CF6D2B5498E00029803E /* XCTestCase+MemoryLeaksTracking.swift in Sources */ = {isa = PBXBuildFile; fileRef = 378A23DD2AD5F4C80099BD13 /* XCTestCase+MemoryLeaksTracking.swift */; };
		37B2CF6E2B549B290029803E /* FeedCacheTestHelpers.swift in Sources */ = {isa = PBXBuildFile; fileRef = 374C9C252B48AF9E00DAC4E4 /* FeedCacheTestHelpers.swift */; };
		37B2CF6F2B549B3E0029803E /* SharedTestHelpers.swift in Sources */ = {isa = PBXBuildFile; fileRef = 374C9C272B48B0EA00DAC4E4 /* SharedTestHelpers.swift */; };
		37ED79982B46027A00E1A33F /* CacheFeedUseCaseTests.swift in Sources */ = {isa = PBXBuildFile; fileRef = 37ED79972B46027A00E1A33F /* CacheFeedUseCaseTests.swift */; };
		37ED799B2B46E93100E1A33F /* LocalFeedLoader.swift in Sources */ = {isa = PBXBuildFile; fileRef = 37ED799A2B46E93100E1A33F /* LocalFeedLoader.swift */; };
		37ED799D2B46E9E700E1A33F /* FeedStore.swift in Sources */ = {isa = PBXBuildFile; fileRef = 37ED799C2B46E9E700E1A33F /* FeedStore.swift */; };
		37ED799F2B46F9D800E1A33F /* RemoteFeedItem.swift in Sources */ = {isa = PBXBuildFile; fileRef = 37ED799E2B46F9D800E1A33F /* RemoteFeedItem.swift */; };
		37ED79A12B46FA8400E1A33F /* LocalFeedImage.swift in Sources */ = {isa = PBXBuildFile; fileRef = 37ED79A02B46FA8400E1A33F /* LocalFeedImage.swift */; };
		37ED79A32B481ACA00E1A33F /* LoadFeedFromCacheUseCaseTest.swift in Sources */ = {isa = PBXBuildFile; fileRef = 37ED79A22B481ACA00E1A33F /* LoadFeedFromCacheUseCaseTest.swift */; };
		37ED79A62B481C1E00E1A33F /* FeedStoreSpy.swift in Sources */ = {isa = PBXBuildFile; fileRef = 37ED79A52B481C1E00E1A33F /* FeedStoreSpy.swift */; };
		37F6DAC82B5B31AE00E8B573 /* FeedImageCell.swift in Sources */ = {isa = PBXBuildFile; fileRef = 37F6DAC72B5B31AE00E8B573 /* FeedImageCell.swift */; };
		37F6DACA2B5C492C00E8B573 /* UIView+Shimmering.swift in Sources */ = {isa = PBXBuildFile; fileRef = 37F6DAC92B5C492C00E8B573 /* UIView+Shimmering.swift */; };
		37F6DACD2B5DA64400E8B573 /* UIImage+TestHelpers.swift in Sources */ = {isa = PBXBuildFile; fileRef = 37F6DACC2B5DA64400E8B573 /* UIImage+TestHelpers.swift */; };
		37F6DACF2B5DA6C000E8B573 /* UIRefreshControl+TestHelpers.swift in Sources */ = {isa = PBXBuildFile; fileRef = 37F6DACE2B5DA6C000E8B573 /* UIRefreshControl+TestHelpers.swift */; };
		37F6DAD12B5DA70F00E8B573 /* UIButton+TestHelpers.swift in Sources */ = {isa = PBXBuildFile; fileRef = 37F6DAD02B5DA70F00E8B573 /* UIButton+TestHelpers.swift */; };
		37F6DAD32B5DA75C00E8B573 /* UIControl+TestHelpers.swift in Sources */ = {isa = PBXBuildFile; fileRef = 37F6DAD22B5DA75C00E8B573 /* UIControl+TestHelpers.swift */; };
		37F6DAD82B5DA8B700E8B573 /* FeedViewController+TestHelpers.swift in Sources */ = {isa = PBXBuildFile; fileRef = 37F6DAD72B5DA8B700E8B573 /* FeedViewController+TestHelpers.swift */; };
		37F6DADA2B5DAA1B00E8B573 /* FeedImageCell+TestHelpers.swift in Sources */ = {isa = PBXBuildFile; fileRef = 37F6DAD92B5DAA1B00E8B573 /* FeedImageCell+TestHelpers.swift */; };
		37F6DADC2B5DAA7300E8B573 /* FeedViewControllerTests+LoaderSpy.swift in Sources */ = {isa = PBXBuildFile; fileRef = 37F6DADB2B5DAA7300E8B573 /* FeedViewControllerTests+LoaderSpy.swift */; };
		37F6DADE2B5DAB0600E8B573 /* FeedViewControllerTests+Assertions.swift in Sources */ = {isa = PBXBuildFile; fileRef = 37F6DADD2B5DAB0600E8B573 /* FeedViewControllerTests+Assertions.swift */; };
		37F6DAE32B5DAD3700E8B573 /* FeedImageDataLoader.swift in Sources */ = {isa = PBXBuildFile; fileRef = 37F6DAE22B5DAD3700E8B573 /* FeedImageDataLoader.swift */; };
		37F6DAE72B5DB95200E8B573 /* FeedImageCellController.swift in Sources */ = {isa = PBXBuildFile; fileRef = 37F6DAE62B5DB95200E8B573 /* FeedImageCellController.swift */; };
		37F6DAEA2B5DC1B000E8B573 /* FeedUIComposer.swift in Sources */ = {isa = PBXBuildFile; fileRef = 37F6DAE92B5DC1B000E8B573 /* FeedUIComposer.swift */; };
		37F6DB2A2B5F356200E8B573 /* FeedImageViewModel.swift in Sources */ = {isa = PBXBuildFile; fileRef = 37F6DB292B5F356200E8B573 /* FeedImageViewModel.swift */; };
/* End PBXBuildFile section */

/* Begin PBXContainerItemProxy section */
		3730AC5C2B595EC60004D0E0 /* PBXContainerItemProxy */ = {
			isa = PBXContainerItemProxy;
			containerPortal = 378A22F72AD1522B0099BD13 /* Project object */;
			proxyType = 1;
			remoteGlobalIDString = 378A22FF2AD1522B0099BD13;
			remoteInfo = EssentialFeed;
		};
		378472AA2B586F800068BAC2 /* PBXContainerItemProxy */ = {
			isa = PBXContainerItemProxy;
			containerPortal = 378A22F72AD1522B0099BD13 /* Project object */;
			proxyType = 1;
			remoteGlobalIDString = 3784729E2B586F800068BAC2;
			remoteInfo = EssentialFeediOS;
		};
		378A230C2AD1522B0099BD13 /* PBXContainerItemProxy */ = {
			isa = PBXContainerItemProxy;
			containerPortal = 378A22F72AD1522B0099BD13 /* Project object */;
			proxyType = 1;
			remoteGlobalIDString = 378A22FF2AD1522B0099BD13;
			remoteInfo = EssentialFeed;
		};
		37A5B4BF2ADC5C1C0093438A /* PBXContainerItemProxy */ = {
			isa = PBXContainerItemProxy;
			containerPortal = 378A22F72AD1522B0099BD13 /* Project object */;
			proxyType = 1;
			remoteGlobalIDString = 378A22FF2AD1522B0099BD13;
			remoteInfo = EssentialFeed;
		};
		37B2CF672B5494430029803E /* PBXContainerItemProxy */ = {
			isa = PBXContainerItemProxy;
			containerPortal = 378A22F72AD1522B0099BD13 /* Project object */;
			proxyType = 1;
			remoteGlobalIDString = 378A22FF2AD1522B0099BD13;
			remoteInfo = EssentialFeed;
		};
/* End PBXContainerItemProxy section */

/* Begin PBXCopyFilesBuildPhase section */
		3730AC5E2B595EC60004D0E0 /* Embed Frameworks */ = {
			isa = PBXCopyFilesBuildPhase;
			buildActionMask = 2147483647;
			dstPath = "";
			dstSubfolderSpec = 10;
			files = (
				3730AC5B2B595EC60004D0E0 /* EssentialFeed.framework in Embed Frameworks */,
			);
			name = "Embed Frameworks";
			runOnlyForDeploymentPostprocessing = 0;
		};
/* End PBXCopyFilesBuildPhase section */

/* Begin PBXFileReference section */
		3719716A2B60723900243B0F /* FeedPresenter.swift */ = {isa = PBXFileReference; lastKnownFileType = sourcecode.swift; path = FeedPresenter.swift; sourceTree = "<group>"; };
		3719716C2B60859600243B0F /* FeedImagePresenter.swift */ = {isa = PBXFileReference; lastKnownFileType = sourcecode.swift; path = FeedImagePresenter.swift; sourceTree = "<group>"; };
		3719716E2B60898800243B0F /* FeedLoadingViewModel.swift */ = {isa = PBXFileReference; lastKnownFileType = sourcecode.swift; path = FeedLoadingViewModel.swift; sourceTree = "<group>"; };
		371971702B6089A500243B0F /* FeedViewModel.swift */ = {isa = PBXFileReference; lastKnownFileType = sourcecode.swift; path = FeedViewModel.swift; sourceTree = "<group>"; };
		371971722B608B6A00243B0F /* Feed.storyboard */ = {isa = PBXFileReference; lastKnownFileType = file.storyboard; path = Feed.storyboard; sourceTree = "<group>"; };
		371971742B608BCD00243B0F /* Feed.xcassets */ = {isa = PBXFileReference; lastKnownFileType = folder.assetcatalog; path = Feed.xcassets; sourceTree = "<group>"; };
		371971762B61BF2600243B0F /* UITableView+Dequeueing.swift */ = {isa = PBXFileReference; lastKnownFileType = sourcecode.swift; path = "UITableView+Dequeueing.swift"; sourceTree = "<group>"; };
		371971782B61C0B100243B0F /* UIImageView+Animations.swift */ = {isa = PBXFileReference; lastKnownFileType = sourcecode.swift; path = "UIImageView+Animations.swift"; sourceTree = "<group>"; };
		3719717A2B61C6CB00243B0F /* Feed.xcstrings */ = {isa = PBXFileReference; lastKnownFileType = text.json.xcstrings; path = Feed.xcstrings; sourceTree = "<group>"; };
		3730AC562B5873BA0004D0E0 /* CI_iOS.xctestplan */ = {isa = PBXFileReference; lastKnownFileType = text; name = CI_iOS.xctestplan; path = ../CI_iOS.xctestplan; sourceTree = "<group>"; };
		3730AC572B595ABF0004D0E0 /* FeedViewControllerTests.swift */ = {isa = PBXFileReference; lastKnownFileType = sourcecode.swift; path = FeedViewControllerTests.swift; sourceTree = "<group>"; };
		3730AC602B59BA470004D0E0 /* FeedViewController.swift */ = {isa = PBXFileReference; lastKnownFileType = sourcecode.swift; path = FeedViewController.swift; sourceTree = "<group>"; };
		374C9C232B48A9DB00DAC4E4 /* ValidateFeedCacheUseCaseTests.swift */ = {isa = PBXFileReference; lastKnownFileType = sourcecode.swift; path = ValidateFeedCacheUseCaseTests.swift; sourceTree = "<group>"; };
		374C9C252B48AF9E00DAC4E4 /* FeedCacheTestHelpers.swift */ = {isa = PBXFileReference; lastKnownFileType = sourcecode.swift; path = FeedCacheTestHelpers.swift; sourceTree = "<group>"; };
		374C9C272B48B0EA00DAC4E4 /* SharedTestHelpers.swift */ = {isa = PBXFileReference; lastKnownFileType = sourcecode.swift; path = SharedTestHelpers.swift; sourceTree = "<group>"; };
		374C9C292B49D26F00DAC4E4 /* FeedCachePolicy.swift */ = {isa = PBXFileReference; lastKnownFileType = sourcecode.swift; path = FeedCachePolicy.swift; sourceTree = "<group>"; };
		377D91422ADD251500E40353 /* EssentialFeed.xctestplan */ = {isa = PBXFileReference; lastKnownFileType = text; path = EssentialFeed.xctestplan; sourceTree = "<group>"; };
		378472982B585F2C0068BAC2 /* EssentialFeedAPIEndToEndTests.xctestplan */ = {isa = PBXFileReference; lastKnownFileType = text; path = EssentialFeedAPIEndToEndTests.xctestplan; sourceTree = "<group>"; };
		378472992B585F540068BAC2 /* CI_macOS.xctestplan */ = {isa = PBXFileReference; lastKnownFileType = text; path = CI_macOS.xctestplan; sourceTree = "<group>"; };
		3784729F2B586F800068BAC2 /* EssentialFeediOS.framework */ = {isa = PBXFileReference; explicitFileType = wrapper.framework; includeInIndex = 0; path = EssentialFeediOS.framework; sourceTree = BUILT_PRODUCTS_DIR; };
		378472A22B586F800068BAC2 /* EssentialFeediOS.docc */ = {isa = PBXFileReference; lastKnownFileType = folder.documentationcatalog; path = EssentialFeediOS.docc; sourceTree = "<group>"; };
		378472A82B586F800068BAC2 /* EssentialFeediOSTests.xctest */ = {isa = PBXFileReference; explicitFileType = wrapper.cfbundle; includeInIndex = 0; path = EssentialFeediOSTests.xctest; sourceTree = BUILT_PRODUCTS_DIR; };
		378472B62B5870440068BAC2 /* EssentialFeediOS.xctestplan */ = {isa = PBXFileReference; lastKnownFileType = text; path = EssentialFeediOS.xctestplan; sourceTree = "<group>"; };
		378A23002AD1522B0099BD13 /* EssentialFeed.framework */ = {isa = PBXFileReference; explicitFileType = wrapper.framework; includeInIndex = 0; path = EssentialFeed.framework; sourceTree = BUILT_PRODUCTS_DIR; };
		378A23032AD1522B0099BD13 /* EssentialFeed.h */ = {isa = PBXFileReference; lastKnownFileType = sourcecode.c.h; path = EssentialFeed.h; sourceTree = "<group>"; };
		378A23042AD1522B0099BD13 /* EssentialFeed.docc */ = {isa = PBXFileReference; lastKnownFileType = folder.documentationcatalog; path = EssentialFeed.docc; sourceTree = "<group>"; };
		378A230A2AD1522B0099BD13 /* EssentialFeedTests.xctest */ = {isa = PBXFileReference; explicitFileType = wrapper.cfbundle; includeInIndex = 0; path = EssentialFeedTests.xctest; sourceTree = BUILT_PRODUCTS_DIR; };
		378A230F2AD1522B0099BD13 /* LoadFeedFromRemoteUseCaseTests.swift */ = {isa = PBXFileReference; lastKnownFileType = sourcecode.swift; path = LoadFeedFromRemoteUseCaseTests.swift; sourceTree = "<group>"; };
		378A231C2AD154080099BD13 /* FeedImage.swift */ = {isa = PBXFileReference; lastKnownFileType = sourcecode.swift; path = FeedImage.swift; sourceTree = "<group>"; };
		378A231E2AD15A940099BD13 /* FeedLoader.swift */ = {isa = PBXFileReference; lastKnownFileType = sourcecode.swift; path = FeedLoader.swift; sourceTree = "<group>"; };
		378A23222AD181560099BD13 /* RemoteFeedLoader.swift */ = {isa = PBXFileReference; lastKnownFileType = sourcecode.swift; path = RemoteFeedLoader.swift; sourceTree = "<group>"; };
		378A23242AD1D5BB0099BD13 /* HTTPClient.swift */ = {isa = PBXFileReference; lastKnownFileType = sourcecode.swift; path = HTTPClient.swift; sourceTree = "<group>"; };
		378A23262AD1D6750099BD13 /* FeedItemsMapper.swift */ = {isa = PBXFileReference; lastKnownFileType = sourcecode.swift; path = FeedItemsMapper.swift; sourceTree = "<group>"; };
		378A23C92AD474450099BD13 /* URLSessionHTTPClientTests.swift */ = {isa = PBXFileReference; lastKnownFileType = sourcecode.swift; path = URLSessionHTTPClientTests.swift; sourceTree = "<group>"; };
		378A23DD2AD5F4C80099BD13 /* XCTestCase+MemoryLeaksTracking.swift */ = {isa = PBXFileReference; lastKnownFileType = sourcecode.swift; name = "XCTestCase+MemoryLeaksTracking.swift"; path = "Helpers/XCTestCase+MemoryLeaksTracking.swift"; sourceTree = "<group>"; };
		3797BAB72AD98C360041F9E6 /* URLSessionHTTPClient.swift */ = {isa = PBXFileReference; lastKnownFileType = sourcecode.swift; path = URLSessionHTTPClient.swift; sourceTree = "<group>"; };
		37A5B4BA2ADC5C1C0093438A /* EssentialFeedAPIEndToEndTests.xctest */ = {isa = PBXFileReference; explicitFileType = wrapper.cfbundle; includeInIndex = 0; path = EssentialFeedAPIEndToEndTests.xctest; sourceTree = BUILT_PRODUCTS_DIR; };
		37A5B4BC2ADC5C1C0093438A /* EssentialFeedEndToEndTests.swift */ = {isa = PBXFileReference; lastKnownFileType = sourcecode.swift; path = EssentialFeedEndToEndTests.swift; sourceTree = "<group>"; };
		37B2CF172B543EF30029803E /* FeedStoreSpecs.swift */ = {isa = PBXFileReference; lastKnownFileType = sourcecode.swift; path = FeedStoreSpecs.swift; sourceTree = "<group>"; };
		37B2CF192B5440160029803E /* XCTestCase+FeedStoreSpecs.swift */ = {isa = PBXFileReference; lastKnownFileType = sourcecode.swift; path = "XCTestCase+FeedStoreSpecs.swift"; sourceTree = "<group>"; };
		37B2CF1C2B5445B40029803E /* XCTestCase+FailableRetrieveFeedStoreSpecs.swift */ = {isa = PBXFileReference; lastKnownFileType = sourcecode.swift; path = "XCTestCase+FailableRetrieveFeedStoreSpecs.swift"; sourceTree = "<group>"; };
		37B2CF1E2B5446760029803E /* XCTestCase+FailableInsertFeedStoreSpecs.swift */ = {isa = PBXFileReference; lastKnownFileType = sourcecode.swift; path = "XCTestCase+FailableInsertFeedStoreSpecs.swift"; sourceTree = "<group>"; };
		37B2CF202B5446FD0029803E /* XCTestCase+FailableDeleteFeedStoreSpecs.swift */ = {isa = PBXFileReference; lastKnownFileType = sourcecode.swift; path = "XCTestCase+FailableDeleteFeedStoreSpecs.swift"; sourceTree = "<group>"; };
		37B2CF222B544E9F0029803E /* CoreDataFeedStoreTests.swift */ = {isa = PBXFileReference; lastKnownFileType = sourcecode.swift; path = CoreDataFeedStoreTests.swift; sourceTree = "<group>"; };
		37B2CF242B544F160029803E /* CoreDataFeedStore.swift */ = {isa = PBXFileReference; lastKnownFileType = sourcecode.swift; path = CoreDataFeedStore.swift; sourceTree = "<group>"; };
		37B2CF282B54502A0029803E /* FeedStore.xcdatamodel */ = {isa = PBXFileReference; lastKnownFileType = wrapper.xcdatamodel; path = FeedStore.xcdatamodel; sourceTree = "<group>"; };
		37B2CF2E2B548F040029803E /* CoreDataHelpers.swift */ = {isa = PBXFileReference; lastKnownFileType = sourcecode.swift; path = CoreDataHelpers.swift; sourceTree = "<group>"; };
		37B2CF302B548F7F0029803E /* ManagedCache.swift */ = {isa = PBXFileReference; lastKnownFileType = sourcecode.swift; path = ManagedCache.swift; sourceTree = "<group>"; };
		37B2CF322B548FA70029803E /* ManagedFeedImage.swift */ = {isa = PBXFileReference; lastKnownFileType = sourcecode.swift; path = ManagedFeedImage.swift; sourceTree = "<group>"; };
		37B2CF622B5494430029803E /* EssentialFeedCacheIntegrationTests.xctest */ = {isa = PBXFileReference; explicitFileType = wrapper.cfbundle; includeInIndex = 0; path = EssentialFeedCacheIntegrationTests.xctest; sourceTree = BUILT_PRODUCTS_DIR; };
		37B2CF642B5494430029803E /* EssentialFeedCacheIntegrationTests.swift */ = {isa = PBXFileReference; lastKnownFileType = sourcecode.swift; path = EssentialFeedCacheIntegrationTests.swift; sourceTree = "<group>"; };
		37B2CF6C2B5494750029803E /* EssentialFeedCacheIntegrationTests.xctestplan */ = {isa = PBXFileReference; lastKnownFileType = text; path = EssentialFeedCacheIntegrationTests.xctestplan; sourceTree = "<group>"; };
		37ED79972B46027A00E1A33F /* CacheFeedUseCaseTests.swift */ = {isa = PBXFileReference; lastKnownFileType = sourcecode.swift; path = CacheFeedUseCaseTests.swift; sourceTree = "<group>"; };
		37ED799A2B46E93100E1A33F /* LocalFeedLoader.swift */ = {isa = PBXFileReference; lastKnownFileType = sourcecode.swift; path = LocalFeedLoader.swift; sourceTree = "<group>"; };
		37ED799C2B46E9E700E1A33F /* FeedStore.swift */ = {isa = PBXFileReference; lastKnownFileType = sourcecode.swift; path = FeedStore.swift; sourceTree = "<group>"; };
		37ED799E2B46F9D800E1A33F /* RemoteFeedItem.swift */ = {isa = PBXFileReference; lastKnownFileType = sourcecode.swift; path = RemoteFeedItem.swift; sourceTree = "<group>"; };
		37ED79A02B46FA8400E1A33F /* LocalFeedImage.swift */ = {isa = PBXFileReference; lastKnownFileType = sourcecode.swift; path = LocalFeedImage.swift; sourceTree = "<group>"; };
		37ED79A22B481ACA00E1A33F /* LoadFeedFromCacheUseCaseTest.swift */ = {isa = PBXFileReference; lastKnownFileType = sourcecode.swift; path = LoadFeedFromCacheUseCaseTest.swift; sourceTree = "<group>"; };
		37ED79A52B481C1E00E1A33F /* FeedStoreSpy.swift */ = {isa = PBXFileReference; lastKnownFileType = sourcecode.swift; path = FeedStoreSpy.swift; sourceTree = "<group>"; };
		37F6DAC72B5B31AE00E8B573 /* FeedImageCell.swift */ = {isa = PBXFileReference; lastKnownFileType = sourcecode.swift; path = FeedImageCell.swift; sourceTree = "<group>"; };
		37F6DAC92B5C492C00E8B573 /* UIView+Shimmering.swift */ = {isa = PBXFileReference; lastKnownFileType = sourcecode.swift; path = "UIView+Shimmering.swift"; sourceTree = "<group>"; };
		37F6DACC2B5DA64400E8B573 /* UIImage+TestHelpers.swift */ = {isa = PBXFileReference; lastKnownFileType = sourcecode.swift; path = "UIImage+TestHelpers.swift"; sourceTree = "<group>"; };
		37F6DACE2B5DA6C000E8B573 /* UIRefreshControl+TestHelpers.swift */ = {isa = PBXFileReference; lastKnownFileType = sourcecode.swift; path = "UIRefreshControl+TestHelpers.swift"; sourceTree = "<group>"; };
		37F6DAD02B5DA70F00E8B573 /* UIButton+TestHelpers.swift */ = {isa = PBXFileReference; lastKnownFileType = sourcecode.swift; path = "UIButton+TestHelpers.swift"; sourceTree = "<group>"; };
		37F6DAD22B5DA75C00E8B573 /* UIControl+TestHelpers.swift */ = {isa = PBXFileReference; lastKnownFileType = sourcecode.swift; path = "UIControl+TestHelpers.swift"; sourceTree = "<group>"; };
		37F6DAD72B5DA8B700E8B573 /* FeedViewController+TestHelpers.swift */ = {isa = PBXFileReference; lastKnownFileType = sourcecode.swift; path = "FeedViewController+TestHelpers.swift"; sourceTree = "<group>"; };
		37F6DAD92B5DAA1B00E8B573 /* FeedImageCell+TestHelpers.swift */ = {isa = PBXFileReference; lastKnownFileType = sourcecode.swift; path = "FeedImageCell+TestHelpers.swift"; sourceTree = "<group>"; };
		37F6DADB2B5DAA7300E8B573 /* FeedViewControllerTests+LoaderSpy.swift */ = {isa = PBXFileReference; lastKnownFileType = sourcecode.swift; path = "FeedViewControllerTests+LoaderSpy.swift"; sourceTree = "<group>"; };
		37F6DADD2B5DAB0600E8B573 /* FeedViewControllerTests+Assertions.swift */ = {isa = PBXFileReference; lastKnownFileType = sourcecode.swift; path = "FeedViewControllerTests+Assertions.swift"; sourceTree = "<group>"; };
		37F6DAE22B5DAD3700E8B573 /* FeedImageDataLoader.swift */ = {isa = PBXFileReference; lastKnownFileType = sourcecode.swift; path = FeedImageDataLoader.swift; sourceTree = "<group>"; };
		37F6DAE62B5DB95200E8B573 /* FeedImageCellController.swift */ = {isa = PBXFileReference; lastKnownFileType = sourcecode.swift; path = FeedImageCellController.swift; sourceTree = "<group>"; };
		37F6DAE92B5DC1B000E8B573 /* FeedUIComposer.swift */ = {isa = PBXFileReference; lastKnownFileType = sourcecode.swift; path = FeedUIComposer.swift; sourceTree = "<group>"; };
		37F6DB292B5F356200E8B573 /* FeedImageViewModel.swift */ = {isa = PBXFileReference; lastKnownFileType = sourcecode.swift; path = FeedImageViewModel.swift; sourceTree = "<group>"; };
/* End PBXFileReference section */

/* Begin PBXFrameworksBuildPhase section */
		3784729C2B586F800068BAC2 /* Frameworks */ = {
			isa = PBXFrameworksBuildPhase;
			buildActionMask = 2147483647;
			files = (
				3730AC5A2B595EC60004D0E0 /* EssentialFeed.framework in Frameworks */,
			);
			runOnlyForDeploymentPostprocessing = 0;
		};
		378472A52B586F800068BAC2 /* Frameworks */ = {
			isa = PBXFrameworksBuildPhase;
			buildActionMask = 2147483647;
			files = (
				378472A92B586F800068BAC2 /* EssentialFeediOS.framework in Frameworks */,
			);
			runOnlyForDeploymentPostprocessing = 0;
		};
		378A22FD2AD1522B0099BD13 /* Frameworks */ = {
			isa = PBXFrameworksBuildPhase;
			buildActionMask = 2147483647;
			files = (
			);
			runOnlyForDeploymentPostprocessing = 0;
		};
		378A23072AD1522B0099BD13 /* Frameworks */ = {
			isa = PBXFrameworksBuildPhase;
			buildActionMask = 2147483647;
			files = (
				378A230B2AD1522B0099BD13 /* EssentialFeed.framework in Frameworks */,
			);
			runOnlyForDeploymentPostprocessing = 0;
		};
		37A5B4B72ADC5C1C0093438A /* Frameworks */ = {
			isa = PBXFrameworksBuildPhase;
			buildActionMask = 2147483647;
			files = (
				37A5B4BE2ADC5C1C0093438A /* EssentialFeed.framework in Frameworks */,
			);
			runOnlyForDeploymentPostprocessing = 0;
		};
		37B2CF5F2B5494430029803E /* Frameworks */ = {
			isa = PBXFrameworksBuildPhase;
			buildActionMask = 2147483647;
			files = (
				37B2CF662B5494430029803E /* EssentialFeed.framework in Frameworks */,
			);
			runOnlyForDeploymentPostprocessing = 0;
		};
/* End PBXFrameworksBuildPhase section */

/* Begin PBXGroup section */
		371971692B60718600243B0F /* Feed Presentation */ = {
			isa = PBXGroup;
			children = (
				3719716A2B60723900243B0F /* FeedPresenter.swift */,
				3719716E2B60898800243B0F /* FeedLoadingViewModel.swift */,
				371971702B6089A500243B0F /* FeedViewModel.swift */,
				37F6DB292B5F356200E8B573 /* FeedImageViewModel.swift */,
				3719716C2B60859600243B0F /* FeedImagePresenter.swift */,
				3719717A2B61C6CB00243B0F /* Feed.xcstrings */,
			);
			path = "Feed Presentation";
			sourceTree = "<group>";
		};
		3730AC592B595EC60004D0E0 /* Frameworks */ = {
			isa = PBXGroup;
			children = (
			);
			name = Frameworks;
			sourceTree = "<group>";
		};
		378472A02B586F800068BAC2 /* EssentialFeediOS */ = {
			isa = PBXGroup;
			children = (
				378472A22B586F800068BAC2 /* EssentialFeediOS.docc */,
				37F6DAE12B5DAD2400E8B573 /* Feed Image Loader */,
				371971692B60718600243B0F /* Feed Presentation */,
				37F6DADF2B5DAC8000E8B573 /* Feed UI */,
			);
			path = EssentialFeediOS;
			sourceTree = "<group>";
		};
		378472AC2B586F800068BAC2 /* EssentialFeediOSTests */ = {
			isa = PBXGroup;
			children = (
				37F6DAE02B5DACA700E8B573 /* Feed UI */,
			);
			path = EssentialFeediOSTests;
			sourceTree = "<group>";
		};
		378A22F62AD1522B0099BD13 = {
			isa = PBXGroup;
			children = (
				378472982B585F2C0068BAC2 /* EssentialFeedAPIEndToEndTests.xctestplan */,
				37B2CF6C2B5494750029803E /* EssentialFeedCacheIntegrationTests.xctestplan */,
				377D91422ADD251500E40353 /* EssentialFeed.xctestplan */,
				378472B62B5870440068BAC2 /* EssentialFeediOS.xctestplan */,
				378472992B585F540068BAC2 /* CI_macOS.xctestplan */,
				3730AC562B5873BA0004D0E0 /* CI_iOS.xctestplan */,
				378A23022AD1522B0099BD13 /* EssentialFeed */,
				378A230E2AD1522B0099BD13 /* EssentialFeedTests */,
				37A5B4BB2ADC5C1C0093438A /* EssentialFeedEndToEndTests */,
				37B2CF632B5494430029803E /* EssentialFeedCacheIntegrationTests */,
				378472A02B586F800068BAC2 /* EssentialFeediOS */,
				378472AC2B586F800068BAC2 /* EssentialFeediOSTests */,
				378A23012AD1522B0099BD13 /* Products */,
				3730AC592B595EC60004D0E0 /* Frameworks */,
			);
			sourceTree = "<group>";
		};
		378A23012AD1522B0099BD13 /* Products */ = {
			isa = PBXGroup;
			children = (
				378A23002AD1522B0099BD13 /* EssentialFeed.framework */,
				378A230A2AD1522B0099BD13 /* EssentialFeedTests.xctest */,
				37A5B4BA2ADC5C1C0093438A /* EssentialFeedAPIEndToEndTests.xctest */,
				37B2CF622B5494430029803E /* EssentialFeedCacheIntegrationTests.xctest */,
				3784729F2B586F800068BAC2 /* EssentialFeediOS.framework */,
				378472A82B586F800068BAC2 /* EssentialFeediOSTests.xctest */,
			);
			name = Products;
			sourceTree = "<group>";
		};
		378A23022AD1522B0099BD13 /* EssentialFeed */ = {
			isa = PBXGroup;
			children = (
				378A23032AD1522B0099BD13 /* EssentialFeed.h */,
				378A23042AD1522B0099BD13 /* EssentialFeed.docc */,
				37ED79992B46E90500E1A33F /* Feed Cache */,
				378A23202AD15C890099BD13 /* FeedFeature */,
				378A23212AD1812A0099BD13 /* FeedAPI */,
			);
			path = EssentialFeed;
			sourceTree = "<group>";
		};
		378A230E2AD1522B0099BD13 /* EssentialFeedTests */ = {
			isa = PBXGroup;
			children = (
				378A23DC2AD5F4830099BD13 /* Helpers */,
				37ED79942B45E34400E1A33F /* Feed Cache */,
				378A23282AD1E2BF0099BD13 /* FeedAPI */,
			);
			path = EssentialFeedTests;
			sourceTree = "<group>";
		};
		378A23202AD15C890099BD13 /* FeedFeature */ = {
			isa = PBXGroup;
			children = (
				378A231C2AD154080099BD13 /* FeedImage.swift */,
				378A231E2AD15A940099BD13 /* FeedLoader.swift */,
			);
			path = FeedFeature;
			sourceTree = "<group>";
		};
		378A23212AD1812A0099BD13 /* FeedAPI */ = {
			isa = PBXGroup;
			children = (
				37ED799E2B46F9D800E1A33F /* RemoteFeedItem.swift */,
				378A23222AD181560099BD13 /* RemoteFeedLoader.swift */,
				378A23262AD1D6750099BD13 /* FeedItemsMapper.swift */,
				378A23242AD1D5BB0099BD13 /* HTTPClient.swift */,
				3797BAB72AD98C360041F9E6 /* URLSessionHTTPClient.swift */,
			);
			path = FeedAPI;
			sourceTree = "<group>";
		};
		378A23282AD1E2BF0099BD13 /* FeedAPI */ = {
			isa = PBXGroup;
			children = (
				378A230F2AD1522B0099BD13 /* LoadFeedFromRemoteUseCaseTests.swift */,
				378A23C92AD474450099BD13 /* URLSessionHTTPClientTests.swift */,
			);
			path = FeedAPI;
			sourceTree = "<group>";
		};
		378A23DC2AD5F4830099BD13 /* Helpers */ = {
			isa = PBXGroup;
			children = (
				378A23DD2AD5F4C80099BD13 /* XCTestCase+MemoryLeaksTracking.swift */,
				374C9C272B48B0EA00DAC4E4 /* SharedTestHelpers.swift */,
			);
			name = Helpers;
			path = FeedAPI;
			sourceTree = "<group>";
		};
		37A5B4BB2ADC5C1C0093438A /* EssentialFeedEndToEndTests */ = {
			isa = PBXGroup;
			children = (
				37A5B4BC2ADC5C1C0093438A /* EssentialFeedEndToEndTests.swift */,
			);
			path = EssentialFeedEndToEndTests;
			sourceTree = "<group>";
		};
		37B2CF1B2B5445760029803E /* FeedStoreSpecs */ = {
			isa = PBXGroup;
			children = (
				37B2CF172B543EF30029803E /* FeedStoreSpecs.swift */,
				37B2CF192B5440160029803E /* XCTestCase+FeedStoreSpecs.swift */,
				37B2CF1C2B5445B40029803E /* XCTestCase+FailableRetrieveFeedStoreSpecs.swift */,
				37B2CF1E2B5446760029803E /* XCTestCase+FailableInsertFeedStoreSpecs.swift */,
				37B2CF202B5446FD0029803E /* XCTestCase+FailableDeleteFeedStoreSpecs.swift */,
			);
			path = FeedStoreSpecs;
			sourceTree = "<group>";
		};
		37B2CF2B2B548E3B0029803E /* Infrastructure */ = {
			isa = PBXGroup;
			children = (
				37B2CF2C2B548E450029803E /* CoreData */,
			);
			path = Infrastructure;
			sourceTree = "<group>";
		};
		37B2CF2C2B548E450029803E /* CoreData */ = {
			isa = PBXGroup;
			children = (
				37B2CF302B548F7F0029803E /* ManagedCache.swift */,
				37B2CF322B548FA70029803E /* ManagedFeedImage.swift */,
				37B2CF242B544F160029803E /* CoreDataFeedStore.swift */,
				37B2CF2E2B548F040029803E /* CoreDataHelpers.swift */,
				37B2CF272B5450290029803E /* FeedStore.xcdatamodeld */,
			);
			path = CoreData;
			sourceTree = "<group>";
		};
		37B2CF632B5494430029803E /* EssentialFeedCacheIntegrationTests */ = {
			isa = PBXGroup;
			children = (
				37B2CF642B5494430029803E /* EssentialFeedCacheIntegrationTests.swift */,
			);
			path = EssentialFeedCacheIntegrationTests;
			sourceTree = "<group>";
		};
		37ED79942B45E34400E1A33F /* Feed Cache */ = {
			isa = PBXGroup;
			children = (
				37B2CF1B2B5445760029803E /* FeedStoreSpecs */,
				37ED79A42B481C0200E1A33F /* Helpers */,
				37ED79972B46027A00E1A33F /* CacheFeedUseCaseTests.swift */,
				37ED79A22B481ACA00E1A33F /* LoadFeedFromCacheUseCaseTest.swift */,
				374C9C232B48A9DB00DAC4E4 /* ValidateFeedCacheUseCaseTests.swift */,
				37B2CF222B544E9F0029803E /* CoreDataFeedStoreTests.swift */,
			);
			path = "Feed Cache";
			sourceTree = "<group>";
		};
		37ED79992B46E90500E1A33F /* Feed Cache */ = {
			isa = PBXGroup;
			children = (
				37B2CF2B2B548E3B0029803E /* Infrastructure */,
				37ED79A02B46FA8400E1A33F /* LocalFeedImage.swift */,
				37ED799A2B46E93100E1A33F /* LocalFeedLoader.swift */,
				37ED799C2B46E9E700E1A33F /* FeedStore.swift */,
				374C9C292B49D26F00DAC4E4 /* FeedCachePolicy.swift */,
			);
			path = "Feed Cache";
			sourceTree = "<group>";
		};
		37ED79A42B481C0200E1A33F /* Helpers */ = {
			isa = PBXGroup;
			children = (
				37ED79A52B481C1E00E1A33F /* FeedStoreSpy.swift */,
				374C9C252B48AF9E00DAC4E4 /* FeedCacheTestHelpers.swift */,
			);
			path = Helpers;
			sourceTree = "<group>";
		};
		37F6DACB2B5DA62900E8B573 /* Helpers */ = {
			isa = PBXGroup;
			children = (
				37F6DACC2B5DA64400E8B573 /* UIImage+TestHelpers.swift */,
				37F6DACE2B5DA6C000E8B573 /* UIRefreshControl+TestHelpers.swift */,
				37F6DAD02B5DA70F00E8B573 /* UIButton+TestHelpers.swift */,
				37F6DAD22B5DA75C00E8B573 /* UIControl+TestHelpers.swift */,
				37F6DAD72B5DA8B700E8B573 /* FeedViewController+TestHelpers.swift */,
				37F6DAD92B5DAA1B00E8B573 /* FeedImageCell+TestHelpers.swift */,
				37F6DADB2B5DAA7300E8B573 /* FeedViewControllerTests+LoaderSpy.swift */,
				37F6DADD2B5DAB0600E8B573 /* FeedViewControllerTests+Assertions.swift */,
			);
			path = Helpers;
			sourceTree = "<group>";
		};
		37F6DAD42B5DA83D00E8B573 /* Controllers */ = {
			isa = PBXGroup;
			children = (
				3730AC602B59BA470004D0E0 /* FeedViewController.swift */,
				37F6DAE62B5DB95200E8B573 /* FeedImageCellController.swift */,
			);
			path = Controllers;
			sourceTree = "<group>";
		};
		37F6DAD52B5DA85200E8B573 /* Views */ = {
			isa = PBXGroup;
			children = (
				37F6DAC72B5B31AE00E8B573 /* FeedImageCell.swift */,
				37F6DAC92B5C492C00E8B573 /* UIView+Shimmering.swift */,
				371971762B61BF2600243B0F /* UITableView+Dequeueing.swift */,
				371971782B61C0B100243B0F /* UIImageView+Animations.swift */,
				371971722B608B6A00243B0F /* Feed.storyboard */,
				371971742B608BCD00243B0F /* Feed.xcassets */,
			);
			path = Views;
			sourceTree = "<group>";
		};
		37F6DAD62B5DA87300E8B573 /* Controllers */ = {
			isa = PBXGroup;
			children = (
				3730AC572B595ABF0004D0E0 /* FeedViewControllerTests.swift */,
			);
			path = Controllers;
			sourceTree = "<group>";
		};
		37F6DADF2B5DAC8000E8B573 /* Feed UI */ = {
			isa = PBXGroup;
			children = (
				37F6DAE82B5DC19400E8B573 /* Composers */,
				37F6DAD42B5DA83D00E8B573 /* Controllers */,
				37F6DAD52B5DA85200E8B573 /* Views */,
			);
			path = "Feed UI";
			sourceTree = "<group>";
		};
		37F6DAE02B5DACA700E8B573 /* Feed UI */ = {
			isa = PBXGroup;
			children = (
				37F6DAD62B5DA87300E8B573 /* Controllers */,
				37F6DACB2B5DA62900E8B573 /* Helpers */,
			);
			path = "Feed UI";
			sourceTree = "<group>";
		};
		37F6DAE12B5DAD2400E8B573 /* Feed Image Loader */ = {
			isa = PBXGroup;
			children = (
				37F6DAE22B5DAD3700E8B573 /* FeedImageDataLoader.swift */,
			);
			path = "Feed Image Loader";
			sourceTree = "<group>";
		};
		37F6DAE82B5DC19400E8B573 /* Composers */ = {
			isa = PBXGroup;
			children = (
				37F6DAE92B5DC1B000E8B573 /* FeedUIComposer.swift */,
			);
			path = Composers;
			sourceTree = "<group>";
		};
/* End PBXGroup section */

/* Begin PBXHeadersBuildPhase section */
		3784729A2B586F800068BAC2 /* Headers */ = {
			isa = PBXHeadersBuildPhase;
			buildActionMask = 2147483647;
			files = (
			);
			runOnlyForDeploymentPostprocessing = 0;
		};
		378A22FB2AD1522B0099BD13 /* Headers */ = {
			isa = PBXHeadersBuildPhase;
			buildActionMask = 2147483647;
			files = (
				378A23112AD1522B0099BD13 /* EssentialFeed.h in Headers */,
			);
			runOnlyForDeploymentPostprocessing = 0;
		};
/* End PBXHeadersBuildPhase section */

/* Begin PBXNativeTarget section */
		3784729E2B586F800068BAC2 /* EssentialFeediOS */ = {
			isa = PBXNativeTarget;
			buildConfigurationList = 378472B02B586F800068BAC2 /* Build configuration list for PBXNativeTarget "EssentialFeediOS" */;
			buildPhases = (
				3784729A2B586F800068BAC2 /* Headers */,
				3784729B2B586F800068BAC2 /* Sources */,
				3784729C2B586F800068BAC2 /* Frameworks */,
				3784729D2B586F800068BAC2 /* Resources */,
				3730AC5E2B595EC60004D0E0 /* Embed Frameworks */,
			);
			buildRules = (
			);
			dependencies = (
				3730AC5D2B595EC60004D0E0 /* PBXTargetDependency */,
			);
			name = EssentialFeediOS;
			productName = EssentialFeediOS;
			productReference = 3784729F2B586F800068BAC2 /* EssentialFeediOS.framework */;
			productType = "com.apple.product-type.framework";
		};
		378472A72B586F800068BAC2 /* EssentialFeediOSTests */ = {
			isa = PBXNativeTarget;
			buildConfigurationList = 378472B32B586F800068BAC2 /* Build configuration list for PBXNativeTarget "EssentialFeediOSTests" */;
			buildPhases = (
				378472A42B586F800068BAC2 /* Sources */,
				378472A52B586F800068BAC2 /* Frameworks */,
				378472A62B586F800068BAC2 /* Resources */,
			);
			buildRules = (
			);
			dependencies = (
				378472AB2B586F800068BAC2 /* PBXTargetDependency */,
			);
			name = EssentialFeediOSTests;
			productName = EssentialFeediOSTests;
			productReference = 378472A82B586F800068BAC2 /* EssentialFeediOSTests.xctest */;
			productType = "com.apple.product-type.bundle.unit-test";
		};
		378A22FF2AD1522B0099BD13 /* EssentialFeed */ = {
			isa = PBXNativeTarget;
			buildConfigurationList = 378A23142AD1522B0099BD13 /* Build configuration list for PBXNativeTarget "EssentialFeed" */;
			buildPhases = (
				378A22FB2AD1522B0099BD13 /* Headers */,
				378A22FC2AD1522B0099BD13 /* Sources */,
				378A22FD2AD1522B0099BD13 /* Frameworks */,
				378A22FE2AD1522B0099BD13 /* Resources */,
			);
			buildRules = (
			);
			dependencies = (
			);
			name = EssentialFeed;
			productName = EssentialFeed;
			productReference = 378A23002AD1522B0099BD13 /* EssentialFeed.framework */;
			productType = "com.apple.product-type.framework";
		};
		378A23092AD1522B0099BD13 /* EssentialFeedTests */ = {
			isa = PBXNativeTarget;
			buildConfigurationList = 378A23172AD1522B0099BD13 /* Build configuration list for PBXNativeTarget "EssentialFeedTests" */;
			buildPhases = (
				378A23062AD1522B0099BD13 /* Sources */,
				378A23072AD1522B0099BD13 /* Frameworks */,
				378A23082AD1522B0099BD13 /* Resources */,
			);
			buildRules = (
			);
			dependencies = (
				378A230D2AD1522B0099BD13 /* PBXTargetDependency */,
			);
			name = EssentialFeedTests;
			productName = EssentialFeedTests;
			productReference = 378A230A2AD1522B0099BD13 /* EssentialFeedTests.xctest */;
			productType = "com.apple.product-type.bundle.unit-test";
		};
		37A5B4B92ADC5C1C0093438A /* EssentialFeedAPIEndToEndTests */ = {
			isa = PBXNativeTarget;
			buildConfigurationList = 37A5B4C32ADC5C1C0093438A /* Build configuration list for PBXNativeTarget "EssentialFeedAPIEndToEndTests" */;
			buildPhases = (
				37A5B4B62ADC5C1C0093438A /* Sources */,
				37A5B4B72ADC5C1C0093438A /* Frameworks */,
				37A5B4B82ADC5C1C0093438A /* Resources */,
			);
			buildRules = (
			);
			dependencies = (
				37A5B4C02ADC5C1C0093438A /* PBXTargetDependency */,
			);
			name = EssentialFeedAPIEndToEndTests;
			productName = EssentialFeedEndToEndTests;
			productReference = 37A5B4BA2ADC5C1C0093438A /* EssentialFeedAPIEndToEndTests.xctest */;
			productType = "com.apple.product-type.bundle.unit-test";
		};
		37B2CF612B5494430029803E /* EssentialFeedCacheIntegrationTests */ = {
			isa = PBXNativeTarget;
			buildConfigurationList = 37B2CF692B5494430029803E /* Build configuration list for PBXNativeTarget "EssentialFeedCacheIntegrationTests" */;
			buildPhases = (
				37B2CF5E2B5494430029803E /* Sources */,
				37B2CF5F2B5494430029803E /* Frameworks */,
				37B2CF602B5494430029803E /* Resources */,
			);
			buildRules = (
			);
			dependencies = (
				37B2CF682B5494430029803E /* PBXTargetDependency */,
			);
			name = EssentialFeedCacheIntegrationTests;
			productName = EssentialFeedCacheIntegrationTests;
			productReference = 37B2CF622B5494430029803E /* EssentialFeedCacheIntegrationTests.xctest */;
			productType = "com.apple.product-type.bundle.unit-test";
		};
/* End PBXNativeTarget section */

/* Begin PBXProject section */
		378A22F72AD1522B0099BD13 /* Project object */ = {
			isa = PBXProject;
			attributes = {
				BuildIndependentTargetsInParallel = 1;
				LastSwiftUpdateCheck = 1510;
				LastUpgradeCheck = 1510;
				TargetAttributes = {
					3784729E2B586F800068BAC2 = {
						CreatedOnToolsVersion = 15.1;
					};
					378472A72B586F800068BAC2 = {
						CreatedOnToolsVersion = 15.1;
						LastSwiftMigration = 1510;
					};
					378A22FF2AD1522B0099BD13 = {
						CreatedOnToolsVersion = 15.0;
					};
					378A23092AD1522B0099BD13 = {
						CreatedOnToolsVersion = 15.0;
					};
					37A5B4B92ADC5C1C0093438A = {
						CreatedOnToolsVersion = 15.0;
					};
					37B2CF612B5494430029803E = {
						CreatedOnToolsVersion = 15.1;
					};
				};
			};
			buildConfigurationList = 378A22FA2AD1522B0099BD13 /* Build configuration list for PBXProject "EssentialFeed" */;
			compatibilityVersion = "Xcode 14.0";
			developmentRegion = en;
			hasScannedForEncodings = 0;
			knownRegions = (
				en,
				Base,
			);
			mainGroup = 378A22F62AD1522B0099BD13;
			productRefGroup = 378A23012AD1522B0099BD13 /* Products */;
			projectDirPath = "";
			projectRoot = "";
			targets = (
				378A22FF2AD1522B0099BD13 /* EssentialFeed */,
				378A23092AD1522B0099BD13 /* EssentialFeedTests */,
				37A5B4B92ADC5C1C0093438A /* EssentialFeedAPIEndToEndTests */,
				37B2CF612B5494430029803E /* EssentialFeedCacheIntegrationTests */,
				3784729E2B586F800068BAC2 /* EssentialFeediOS */,
				378472A72B586F800068BAC2 /* EssentialFeediOSTests */,
			);
		};
/* End PBXProject section */

/* Begin PBXResourcesBuildPhase section */
		3784729D2B586F800068BAC2 /* Resources */ = {
			isa = PBXResourcesBuildPhase;
			buildActionMask = 2147483647;
			files = (
				3719717B2B61C6CB00243B0F /* Feed.xcstrings in Resources */,
				371971732B608B6B00243B0F /* Feed.storyboard in Resources */,
				371971752B608BCD00243B0F /* Feed.xcassets in Resources */,
			);
			runOnlyForDeploymentPostprocessing = 0;
		};
		378472A62B586F800068BAC2 /* Resources */ = {
			isa = PBXResourcesBuildPhase;
			buildActionMask = 2147483647;
			files = (
			);
			runOnlyForDeploymentPostprocessing = 0;
		};
		378A22FE2AD1522B0099BD13 /* Resources */ = {
			isa = PBXResourcesBuildPhase;
			buildActionMask = 2147483647;
			files = (
			);
			runOnlyForDeploymentPostprocessing = 0;
		};
		378A23082AD1522B0099BD13 /* Resources */ = {
			isa = PBXResourcesBuildPhase;
			buildActionMask = 2147483647;
			files = (
			);
			runOnlyForDeploymentPostprocessing = 0;
		};
		37A5B4B82ADC5C1C0093438A /* Resources */ = {
			isa = PBXResourcesBuildPhase;
			buildActionMask = 2147483647;
			files = (
			);
			runOnlyForDeploymentPostprocessing = 0;
		};
		37B2CF602B5494430029803E /* Resources */ = {
			isa = PBXResourcesBuildPhase;
			buildActionMask = 2147483647;
			files = (
			);
			runOnlyForDeploymentPostprocessing = 0;
		};
/* End PBXResourcesBuildPhase section */

/* Begin PBXSourcesBuildPhase section */
		3784729B2B586F800068BAC2 /* Sources */ = {
			isa = PBXSourcesBuildPhase;
			buildActionMask = 2147483647;
			files = (
				37F6DAE32B5DAD3700E8B573 /* FeedImageDataLoader.swift in Sources */,
				37F6DAEA2B5DC1B000E8B573 /* FeedUIComposer.swift in Sources */,
				3730AC612B59BA470004D0E0 /* FeedViewController.swift in Sources */,
				3719716B2B60723900243B0F /* FeedPresenter.swift in Sources */,
				37F6DB2A2B5F356200E8B573 /* FeedImageViewModel.swift in Sources */,
				371971772B61BF2600243B0F /* UITableView+Dequeueing.swift in Sources */,
				371971712B6089A500243B0F /* FeedViewModel.swift in Sources */,
				371971792B61C0B100243B0F /* UIImageView+Animations.swift in Sources */,
				3719716D2B60859600243B0F /* FeedImagePresenter.swift in Sources */,
				3719716F2B60898800243B0F /* FeedLoadingViewModel.swift in Sources */,
				37F6DAE72B5DB95200E8B573 /* FeedImageCellController.swift in Sources */,
				37F6DACA2B5C492C00E8B573 /* UIView+Shimmering.swift in Sources */,
				37F6DAC82B5B31AE00E8B573 /* FeedImageCell.swift in Sources */,
				378472A32B586F800068BAC2 /* EssentialFeediOS.docc in Sources */,
			);
			runOnlyForDeploymentPostprocessing = 0;
		};
		378472A42B586F800068BAC2 /* Sources */ = {
			isa = PBXSourcesBuildPhase;
			buildActionMask = 2147483647;
			files = (
				3730AC582B595ABF0004D0E0 /* FeedViewControllerTests.swift in Sources */,
				37F6DADE2B5DAB0600E8B573 /* FeedViewControllerTests+Assertions.swift in Sources */,
				37F6DAD12B5DA70F00E8B573 /* UIButton+TestHelpers.swift in Sources */,
				37F6DACF2B5DA6C000E8B573 /* UIRefreshControl+TestHelpers.swift in Sources */,
				37F6DAD32B5DA75C00E8B573 /* UIControl+TestHelpers.swift in Sources */,
				37F6DADC2B5DAA7300E8B573 /* FeedViewControllerTests+LoaderSpy.swift in Sources */,
				37F6DAD82B5DA8B700E8B573 /* FeedViewController+TestHelpers.swift in Sources */,
				3730AC5F2B598EEA0004D0E0 /* XCTestCase+MemoryLeaksTracking.swift in Sources */,
				37F6DACD2B5DA64400E8B573 /* UIImage+TestHelpers.swift in Sources */,
				37F6DADA2B5DAA1B00E8B573 /* FeedImageCell+TestHelpers.swift in Sources */,
			);
			runOnlyForDeploymentPostprocessing = 0;
		};
		378A22FC2AD1522B0099BD13 /* Sources */ = {
			isa = PBXSourcesBuildPhase;
			buildActionMask = 2147483647;
			files = (
				37ED79A12B46FA8400E1A33F /* LocalFeedImage.swift in Sources */,
				37B2CF292B54502A0029803E /* FeedStore.xcdatamodeld in Sources */,
				37ED799D2B46E9E700E1A33F /* FeedStore.swift in Sources */,
				3797BAB82AD98C360041F9E6 /* URLSessionHTTPClient.swift in Sources */,
				378A23232AD181560099BD13 /* RemoteFeedLoader.swift in Sources */,
				378A23252AD1D5BB0099BD13 /* HTTPClient.swift in Sources */,
				37B2CF2F2B548F040029803E /* CoreDataHelpers.swift in Sources */,
				378A231F2AD15A940099BD13 /* FeedLoader.swift in Sources */,
				37B2CF262B544F870029803E /* CoreDataFeedStore.swift in Sources */,
				37B2CF312B548F7F0029803E /* ManagedCache.swift in Sources */,
				378A23272AD1D6750099BD13 /* FeedItemsMapper.swift in Sources */,
				37ED799F2B46F9D800E1A33F /* RemoteFeedItem.swift in Sources */,
				374C9C2A2B49D26F00DAC4E4 /* FeedCachePolicy.swift in Sources */,
				378A231D2AD154080099BD13 /* FeedImage.swift in Sources */,
				37B2CF332B548FA70029803E /* ManagedFeedImage.swift in Sources */,
				37ED799B2B46E93100E1A33F /* LocalFeedLoader.swift in Sources */,
				378A23052AD1522B0099BD13 /* EssentialFeed.docc in Sources */,
			);
			runOnlyForDeploymentPostprocessing = 0;
		};
		378A23062AD1522B0099BD13 /* Sources */ = {
			isa = PBXSourcesBuildPhase;
			buildActionMask = 2147483647;
			files = (
				374C9C262B48AF9E00DAC4E4 /* FeedCacheTestHelpers.swift in Sources */,
				374C9C242B48A9DB00DAC4E4 /* ValidateFeedCacheUseCaseTests.swift in Sources */,
				378A23102AD1522B0099BD13 /* LoadFeedFromRemoteUseCaseTests.swift in Sources */,
				37B2CF1F2B5446760029803E /* XCTestCase+FailableInsertFeedStoreSpecs.swift in Sources */,
				37ED79A62B481C1E00E1A33F /* FeedStoreSpy.swift in Sources */,
				378A23DE2AD5F4C80099BD13 /* XCTestCase+MemoryLeaksTracking.swift in Sources */,
				374C9C282B48B0EA00DAC4E4 /* SharedTestHelpers.swift in Sources */,
				37ED79982B46027A00E1A33F /* CacheFeedUseCaseTests.swift in Sources */,
				37B2CF212B5446FD0029803E /* XCTestCase+FailableDeleteFeedStoreSpecs.swift in Sources */,
				37B2CF1D2B5445B40029803E /* XCTestCase+FailableRetrieveFeedStoreSpecs.swift in Sources */,
				378A23CA2AD474460099BD13 /* URLSessionHTTPClientTests.swift in Sources */,
				37B2CF182B543EF30029803E /* FeedStoreSpecs.swift in Sources */,
				37ED79A32B481ACA00E1A33F /* LoadFeedFromCacheUseCaseTest.swift in Sources */,
				37B2CF232B544E9F0029803E /* CoreDataFeedStoreTests.swift in Sources */,
				37B2CF1A2B5440160029803E /* XCTestCase+FeedStoreSpecs.swift in Sources */,
			);
			runOnlyForDeploymentPostprocessing = 0;
		};
		37A5B4B62ADC5C1C0093438A /* Sources */ = {
			isa = PBXSourcesBuildPhase;
			buildActionMask = 2147483647;
			files = (
				37A5B4BD2ADC5C1C0093438A /* EssentialFeedEndToEndTests.swift in Sources */,
				37A5B4C42ADC6D8B0093438A /* XCTestCase+MemoryLeaksTracking.swift in Sources */,
			);
			runOnlyForDeploymentPostprocessing = 0;
		};
		37B2CF5E2B5494430029803E /* Sources */ = {
			isa = PBXSourcesBuildPhase;
			buildActionMask = 2147483647;
			files = (
				37B2CF6F2B549B3E0029803E /* SharedTestHelpers.swift in Sources */,
				37B2CF652B5494430029803E /* EssentialFeedCacheIntegrationTests.swift in Sources */,
				37B2CF6E2B549B290029803E /* FeedCacheTestHelpers.swift in Sources */,
				37B2CF6D2B5498E00029803E /* XCTestCase+MemoryLeaksTracking.swift in Sources */,
			);
			runOnlyForDeploymentPostprocessing = 0;
		};
/* End PBXSourcesBuildPhase section */

/* Begin PBXTargetDependency section */
		3730AC5D2B595EC60004D0E0 /* PBXTargetDependency */ = {
			isa = PBXTargetDependency;
			target = 378A22FF2AD1522B0099BD13 /* EssentialFeed */;
			targetProxy = 3730AC5C2B595EC60004D0E0 /* PBXContainerItemProxy */;
		};
		378472AB2B586F800068BAC2 /* PBXTargetDependency */ = {
			isa = PBXTargetDependency;
			target = 3784729E2B586F800068BAC2 /* EssentialFeediOS */;
			targetProxy = 378472AA2B586F800068BAC2 /* PBXContainerItemProxy */;
		};
		378A230D2AD1522B0099BD13 /* PBXTargetDependency */ = {
			isa = PBXTargetDependency;
			target = 378A22FF2AD1522B0099BD13 /* EssentialFeed */;
			targetProxy = 378A230C2AD1522B0099BD13 /* PBXContainerItemProxy */;
		};
		37A5B4C02ADC5C1C0093438A /* PBXTargetDependency */ = {
			isa = PBXTargetDependency;
			target = 378A22FF2AD1522B0099BD13 /* EssentialFeed */;
			targetProxy = 37A5B4BF2ADC5C1C0093438A /* PBXContainerItemProxy */;
		};
		37B2CF682B5494430029803E /* PBXTargetDependency */ = {
			isa = PBXTargetDependency;
			target = 378A22FF2AD1522B0099BD13 /* EssentialFeed */;
			targetProxy = 37B2CF672B5494430029803E /* PBXContainerItemProxy */;
		};
/* End PBXTargetDependency section */

/* Begin XCBuildConfiguration section */
		378472B12B586F800068BAC2 /* Debug */ = {
			isa = XCBuildConfiguration;
			buildSettings = {
				CODE_SIGN_STYLE = Automatic;
				CURRENT_PROJECT_VERSION = 1;
				DEFINES_MODULE = NO;
				DEVELOPMENT_TEAM = 6FB57AU239;
				DYLIB_COMPATIBILITY_VERSION = 1;
				DYLIB_CURRENT_VERSION = 1;
				DYLIB_INSTALL_NAME_BASE = "@rpath";
				ENABLE_MODULE_VERIFIER = YES;
				GENERATE_INFOPLIST_FILE = YES;
				INFOPLIST_KEY_NSHumanReadableCopyright = "";
				INSTALL_PATH = "$(LOCAL_LIBRARY_DIR)/Frameworks";
				IPHONEOS_DEPLOYMENT_TARGET = 17.2;
				LD_RUNPATH_SEARCH_PATHS = (
					"$(inherited)",
					"@executable_path/Frameworks",
					"@loader_path/Frameworks",
				);
				MARKETING_VERSION = 1.0;
				MODULE_VERIFIER_SUPPORTED_LANGUAGES = "objective-c objective-c++";
				MODULE_VERIFIER_SUPPORTED_LANGUAGE_STANDARDS = "gnu17 gnu++20";
				PRODUCT_BUNDLE_IDENTIFIER = com.opylypenko.EssentialFeediOS;
				PRODUCT_NAME = "$(TARGET_NAME:c99extidentifier)";
				SDKROOT = iphoneos;
				SKIP_INSTALL = YES;
				SUPPORTED_PLATFORMS = "iphoneos iphonesimulator";
				SUPPORTS_MACCATALYST = NO;
				SUPPORTS_MAC_DESIGNED_FOR_IPHONE_IPAD = NO;
				SWIFT_EMIT_LOC_STRINGS = YES;
				SWIFT_VERSION = 5.0;
				TARGETED_DEVICE_FAMILY = 1;
			};
			name = Debug;
		};
		378472B22B586F800068BAC2 /* Release */ = {
			isa = XCBuildConfiguration;
			buildSettings = {
				CODE_SIGN_STYLE = Automatic;
				CURRENT_PROJECT_VERSION = 1;
				DEFINES_MODULE = NO;
				DEVELOPMENT_TEAM = 6FB57AU239;
				DYLIB_COMPATIBILITY_VERSION = 1;
				DYLIB_CURRENT_VERSION = 1;
				DYLIB_INSTALL_NAME_BASE = "@rpath";
				ENABLE_MODULE_VERIFIER = YES;
				GENERATE_INFOPLIST_FILE = YES;
				INFOPLIST_KEY_NSHumanReadableCopyright = "";
				INSTALL_PATH = "$(LOCAL_LIBRARY_DIR)/Frameworks";
				IPHONEOS_DEPLOYMENT_TARGET = 17.2;
				LD_RUNPATH_SEARCH_PATHS = (
					"$(inherited)",
					"@executable_path/Frameworks",
					"@loader_path/Frameworks",
				);
				MARKETING_VERSION = 1.0;
				MODULE_VERIFIER_SUPPORTED_LANGUAGES = "objective-c objective-c++";
				MODULE_VERIFIER_SUPPORTED_LANGUAGE_STANDARDS = "gnu17 gnu++20";
				PRODUCT_BUNDLE_IDENTIFIER = com.opylypenko.EssentialFeediOS;
				PRODUCT_NAME = "$(TARGET_NAME:c99extidentifier)";
				SDKROOT = iphoneos;
				SKIP_INSTALL = YES;
				SUPPORTED_PLATFORMS = "iphoneos iphonesimulator";
				SUPPORTS_MACCATALYST = NO;
				SUPPORTS_MAC_DESIGNED_FOR_IPHONE_IPAD = NO;
				SWIFT_EMIT_LOC_STRINGS = YES;
				SWIFT_VERSION = 5.0;
				TARGETED_DEVICE_FAMILY = 1;
				VALIDATE_PRODUCT = YES;
			};
			name = Release;
		};
		378472B42B586F800068BAC2 /* Debug */ = {
			isa = XCBuildConfiguration;
			buildSettings = {
				ALWAYS_EMBED_SWIFT_STANDARD_LIBRARIES = YES;
				CLANG_ENABLE_MODULES = YES;
				CODE_SIGN_STYLE = Automatic;
				CURRENT_PROJECT_VERSION = 1;
				DEVELOPMENT_TEAM = 6FB57AU239;
				GENERATE_INFOPLIST_FILE = YES;
				IPHONEOS_DEPLOYMENT_TARGET = 17.2;
				MARKETING_VERSION = 1.0;
				PRODUCT_BUNDLE_IDENTIFIER = com.opylypenko.EssentialFeediOSTests;
				PRODUCT_NAME = "$(TARGET_NAME)";
				SDKROOT = iphoneos;
				SUPPORTED_PLATFORMS = "iphoneos iphonesimulator";
				SUPPORTS_MACCATALYST = NO;
				SUPPORTS_MAC_DESIGNED_FOR_IPHONE_IPAD = NO;
				SWIFT_EMIT_LOC_STRINGS = NO;
				SWIFT_OPTIMIZATION_LEVEL = "-Onone";
				SWIFT_VERSION = 5.0;
				TARGETED_DEVICE_FAMILY = 1;
			};
			name = Debug;
		};
		378472B52B586F800068BAC2 /* Release */ = {
			isa = XCBuildConfiguration;
			buildSettings = {
				ALWAYS_EMBED_SWIFT_STANDARD_LIBRARIES = YES;
				CLANG_ENABLE_MODULES = YES;
				CODE_SIGN_STYLE = Automatic;
				CURRENT_PROJECT_VERSION = 1;
				DEVELOPMENT_TEAM = 6FB57AU239;
				GENERATE_INFOPLIST_FILE = YES;
				IPHONEOS_DEPLOYMENT_TARGET = 17.2;
				MARKETING_VERSION = 1.0;
				PRODUCT_BUNDLE_IDENTIFIER = com.opylypenko.EssentialFeediOSTests;
				PRODUCT_NAME = "$(TARGET_NAME)";
				SDKROOT = iphoneos;
				SUPPORTED_PLATFORMS = "iphoneos iphonesimulator";
				SUPPORTS_MACCATALYST = NO;
				SUPPORTS_MAC_DESIGNED_FOR_IPHONE_IPAD = NO;
				SWIFT_EMIT_LOC_STRINGS = NO;
				SWIFT_VERSION = 5.0;
				TARGETED_DEVICE_FAMILY = 1;
				VALIDATE_PRODUCT = YES;
			};
			name = Release;
		};
		378A23122AD1522B0099BD13 /* Debug */ = {
			isa = XCBuildConfiguration;
			buildSettings = {
				ALWAYS_SEARCH_USER_PATHS = NO;
				ASSETCATALOG_COMPILER_GENERATE_SWIFT_ASSET_SYMBOL_EXTENSIONS = YES;
				CLANG_ANALYZER_NONNULL = YES;
				CLANG_ANALYZER_NUMBER_OBJECT_CONVERSION = YES_AGGRESSIVE;
				CLANG_CXX_LANGUAGE_STANDARD = "gnu++20";
				CLANG_ENABLE_MODULES = YES;
				CLANG_ENABLE_OBJC_ARC = YES;
				CLANG_ENABLE_OBJC_WEAK = YES;
				CLANG_WARN_BLOCK_CAPTURE_AUTORELEASING = YES;
				CLANG_WARN_BOOL_CONVERSION = YES;
				CLANG_WARN_COMMA = YES;
				CLANG_WARN_CONSTANT_CONVERSION = YES;
				CLANG_WARN_DEPRECATED_OBJC_IMPLEMENTATIONS = YES;
				CLANG_WARN_DIRECT_OBJC_ISA_USAGE = YES_ERROR;
				CLANG_WARN_DOCUMENTATION_COMMENTS = YES;
				CLANG_WARN_EMPTY_BODY = YES;
				CLANG_WARN_ENUM_CONVERSION = YES;
				CLANG_WARN_INFINITE_RECURSION = YES;
				CLANG_WARN_INT_CONVERSION = YES;
				CLANG_WARN_NON_LITERAL_NULL_CONVERSION = YES;
				CLANG_WARN_OBJC_IMPLICIT_RETAIN_SELF = YES;
				CLANG_WARN_OBJC_LITERAL_CONVERSION = YES;
				CLANG_WARN_OBJC_ROOT_CLASS = YES_ERROR;
				CLANG_WARN_QUOTED_INCLUDE_IN_FRAMEWORK_HEADER = YES;
				CLANG_WARN_RANGE_LOOP_ANALYSIS = YES;
				CLANG_WARN_STRICT_PROTOTYPES = YES;
				CLANG_WARN_SUSPICIOUS_MOVE = YES;
				CLANG_WARN_UNGUARDED_AVAILABILITY = YES_AGGRESSIVE;
				CLANG_WARN_UNREACHABLE_CODE = YES;
				CLANG_WARN__DUPLICATE_METHOD_MATCH = YES;
				COPY_PHASE_STRIP = NO;
				CURRENT_PROJECT_VERSION = 1;
				DEAD_CODE_STRIPPING = YES;
				DEBUG_INFORMATION_FORMAT = dwarf;
				ENABLE_STRICT_OBJC_MSGSEND = YES;
				ENABLE_TESTABILITY = YES;
				ENABLE_USER_SCRIPT_SANDBOXING = YES;
				GCC_C_LANGUAGE_STANDARD = gnu17;
				GCC_DYNAMIC_NO_PIC = NO;
				GCC_NO_COMMON_BLOCKS = YES;
				GCC_OPTIMIZATION_LEVEL = 0;
				GCC_PREPROCESSOR_DEFINITIONS = (
					"DEBUG=1",
					"$(inherited)",
				);
				GCC_WARN_64_TO_32_BIT_CONVERSION = YES;
				GCC_WARN_ABOUT_RETURN_TYPE = YES_ERROR;
				GCC_WARN_UNDECLARED_SELECTOR = YES;
				GCC_WARN_UNINITIALIZED_AUTOS = YES_AGGRESSIVE;
				GCC_WARN_UNUSED_FUNCTION = YES;
				GCC_WARN_UNUSED_VARIABLE = YES;
				LOCALIZATION_PREFERS_STRING_CATALOGS = YES;
				MACOSX_DEPLOYMENT_TARGET = 14.0;
				MTL_ENABLE_DEBUG_INFO = INCLUDE_SOURCE;
				MTL_FAST_MATH = YES;
				ONLY_ACTIVE_ARCH = YES;
				SDKROOT = macosx;
				SWIFT_ACTIVE_COMPILATION_CONDITIONS = "DEBUG $(inherited)";
				SWIFT_OPTIMIZATION_LEVEL = "-Onone";
				VERSIONING_SYSTEM = "apple-generic";
				VERSION_INFO_PREFIX = "";
			};
			name = Debug;
		};
		378A23132AD1522B0099BD13 /* Release */ = {
			isa = XCBuildConfiguration;
			buildSettings = {
				ALWAYS_SEARCH_USER_PATHS = NO;
				ASSETCATALOG_COMPILER_GENERATE_SWIFT_ASSET_SYMBOL_EXTENSIONS = YES;
				CLANG_ANALYZER_NONNULL = YES;
				CLANG_ANALYZER_NUMBER_OBJECT_CONVERSION = YES_AGGRESSIVE;
				CLANG_CXX_LANGUAGE_STANDARD = "gnu++20";
				CLANG_ENABLE_MODULES = YES;
				CLANG_ENABLE_OBJC_ARC = YES;
				CLANG_ENABLE_OBJC_WEAK = YES;
				CLANG_WARN_BLOCK_CAPTURE_AUTORELEASING = YES;
				CLANG_WARN_BOOL_CONVERSION = YES;
				CLANG_WARN_COMMA = YES;
				CLANG_WARN_CONSTANT_CONVERSION = YES;
				CLANG_WARN_DEPRECATED_OBJC_IMPLEMENTATIONS = YES;
				CLANG_WARN_DIRECT_OBJC_ISA_USAGE = YES_ERROR;
				CLANG_WARN_DOCUMENTATION_COMMENTS = YES;
				CLANG_WARN_EMPTY_BODY = YES;
				CLANG_WARN_ENUM_CONVERSION = YES;
				CLANG_WARN_INFINITE_RECURSION = YES;
				CLANG_WARN_INT_CONVERSION = YES;
				CLANG_WARN_NON_LITERAL_NULL_CONVERSION = YES;
				CLANG_WARN_OBJC_IMPLICIT_RETAIN_SELF = YES;
				CLANG_WARN_OBJC_LITERAL_CONVERSION = YES;
				CLANG_WARN_OBJC_ROOT_CLASS = YES_ERROR;
				CLANG_WARN_QUOTED_INCLUDE_IN_FRAMEWORK_HEADER = YES;
				CLANG_WARN_RANGE_LOOP_ANALYSIS = YES;
				CLANG_WARN_STRICT_PROTOTYPES = YES;
				CLANG_WARN_SUSPICIOUS_MOVE = YES;
				CLANG_WARN_UNGUARDED_AVAILABILITY = YES_AGGRESSIVE;
				CLANG_WARN_UNREACHABLE_CODE = YES;
				CLANG_WARN__DUPLICATE_METHOD_MATCH = YES;
				COPY_PHASE_STRIP = NO;
				CURRENT_PROJECT_VERSION = 1;
				DEAD_CODE_STRIPPING = YES;
				DEBUG_INFORMATION_FORMAT = "dwarf-with-dsym";
				ENABLE_NS_ASSERTIONS = NO;
				ENABLE_STRICT_OBJC_MSGSEND = YES;
				ENABLE_USER_SCRIPT_SANDBOXING = YES;
				GCC_C_LANGUAGE_STANDARD = gnu17;
				GCC_NO_COMMON_BLOCKS = YES;
				GCC_WARN_64_TO_32_BIT_CONVERSION = YES;
				GCC_WARN_ABOUT_RETURN_TYPE = YES_ERROR;
				GCC_WARN_UNDECLARED_SELECTOR = YES;
				GCC_WARN_UNINITIALIZED_AUTOS = YES_AGGRESSIVE;
				GCC_WARN_UNUSED_FUNCTION = YES;
				GCC_WARN_UNUSED_VARIABLE = YES;
				LOCALIZATION_PREFERS_STRING_CATALOGS = YES;
				MACOSX_DEPLOYMENT_TARGET = 14.0;
				MTL_ENABLE_DEBUG_INFO = NO;
				MTL_FAST_MATH = YES;
				SDKROOT = macosx;
				SWIFT_COMPILATION_MODE = wholemodule;
				VERSIONING_SYSTEM = "apple-generic";
				VERSION_INFO_PREFIX = "";
			};
			name = Release;
		};
		378A23152AD1522B0099BD13 /* Debug */ = {
			isa = XCBuildConfiguration;
			buildSettings = {
				CODE_SIGN_IDENTITY = "";
				CODE_SIGN_STYLE = Automatic;
				COMBINE_HIDPI_IMAGES = YES;
				CURRENT_PROJECT_VERSION = 1;
				DEAD_CODE_STRIPPING = YES;
				DEFINES_MODULE = YES;
				DEVELOPMENT_TEAM = 6FB57AU239;
				DYLIB_COMPATIBILITY_VERSION = 1;
				DYLIB_CURRENT_VERSION = 1;
				DYLIB_INSTALL_NAME_BASE = "@rpath";
				ENABLE_MODULE_VERIFIER = YES;
				GENERATE_INFOPLIST_FILE = YES;
				INFOPLIST_KEY_NSHumanReadableCopyright = "";
				INSTALL_PATH = "$(LOCAL_LIBRARY_DIR)/Frameworks";
				LD_RUNPATH_SEARCH_PATHS = (
					"$(inherited)",
					"@executable_path/../Frameworks",
					"@loader_path/Frameworks",
				);
				MARKETING_VERSION = 1.0;
				MODULE_VERIFIER_SUPPORTED_LANGUAGES = "objective-c objective-c++";
				MODULE_VERIFIER_SUPPORTED_LANGUAGE_STANDARDS = "gnu17 gnu++20";
				PRODUCT_BUNDLE_IDENTIFIER = com.opylypenko.EssentialFeed;
				PRODUCT_NAME = "$(TARGET_NAME:c99extidentifier)";
				SKIP_INSTALL = YES;
				SUPPORTED_PLATFORMS = "macosx iphonesimulator iphoneos";
				SWIFT_EMIT_LOC_STRINGS = YES;
				SWIFT_VERSION = 5.0;
			};
			name = Debug;
		};
		378A23162AD1522B0099BD13 /* Release */ = {
			isa = XCBuildConfiguration;
			buildSettings = {
				CODE_SIGN_IDENTITY = "";
				CODE_SIGN_STYLE = Automatic;
				COMBINE_HIDPI_IMAGES = YES;
				CURRENT_PROJECT_VERSION = 1;
				DEAD_CODE_STRIPPING = YES;
				DEFINES_MODULE = YES;
				DEVELOPMENT_TEAM = 6FB57AU239;
				DYLIB_COMPATIBILITY_VERSION = 1;
				DYLIB_CURRENT_VERSION = 1;
				DYLIB_INSTALL_NAME_BASE = "@rpath";
				ENABLE_MODULE_VERIFIER = YES;
				GENERATE_INFOPLIST_FILE = YES;
				INFOPLIST_KEY_NSHumanReadableCopyright = "";
				INSTALL_PATH = "$(LOCAL_LIBRARY_DIR)/Frameworks";
				LD_RUNPATH_SEARCH_PATHS = (
					"$(inherited)",
					"@executable_path/../Frameworks",
					"@loader_path/Frameworks",
				);
				MARKETING_VERSION = 1.0;
				MODULE_VERIFIER_SUPPORTED_LANGUAGES = "objective-c objective-c++";
				MODULE_VERIFIER_SUPPORTED_LANGUAGE_STANDARDS = "gnu17 gnu++20";
				PRODUCT_BUNDLE_IDENTIFIER = com.opylypenko.EssentialFeed;
				PRODUCT_NAME = "$(TARGET_NAME:c99extidentifier)";
				SKIP_INSTALL = YES;
				SUPPORTED_PLATFORMS = "macosx iphonesimulator iphoneos";
				SWIFT_EMIT_LOC_STRINGS = YES;
				SWIFT_VERSION = 5.0;
			};
			name = Release;
		};
		378A23182AD1522B0099BD13 /* Debug */ = {
			isa = XCBuildConfiguration;
			buildSettings = {
				ALWAYS_EMBED_SWIFT_STANDARD_LIBRARIES = YES;
				CODE_SIGN_STYLE = Automatic;
				CURRENT_PROJECT_VERSION = 1;
				DEAD_CODE_STRIPPING = YES;
				DEVELOPMENT_TEAM = 6FB57AU239;
				GENERATE_INFOPLIST_FILE = YES;
				MARKETING_VERSION = 1.0;
				PRODUCT_BUNDLE_IDENTIFIER = com.opylypenko.EssentialFeedTests;
				PRODUCT_NAME = "$(TARGET_NAME)";
				SUPPORTED_PLATFORMS = "macosx iphoneos iphonesimulator";
				SWIFT_EMIT_LOC_STRINGS = NO;
				SWIFT_VERSION = 5.0;
			};
			name = Debug;
		};
		378A23192AD1522B0099BD13 /* Release */ = {
			isa = XCBuildConfiguration;
			buildSettings = {
				ALWAYS_EMBED_SWIFT_STANDARD_LIBRARIES = YES;
				CODE_SIGN_STYLE = Automatic;
				CURRENT_PROJECT_VERSION = 1;
				DEAD_CODE_STRIPPING = YES;
				DEVELOPMENT_TEAM = 6FB57AU239;
				GENERATE_INFOPLIST_FILE = YES;
				MARKETING_VERSION = 1.0;
				PRODUCT_BUNDLE_IDENTIFIER = com.opylypenko.EssentialFeedTests;
				PRODUCT_NAME = "$(TARGET_NAME)";
				SUPPORTED_PLATFORMS = "macosx iphoneos iphonesimulator";
				SWIFT_EMIT_LOC_STRINGS = NO;
				SWIFT_VERSION = 5.0;
			};
			name = Release;
		};
		37A5B4C12ADC5C1C0093438A /* Debug */ = {
			isa = XCBuildConfiguration;
			buildSettings = {
				CODE_SIGN_STYLE = Automatic;
				CURRENT_PROJECT_VERSION = 1;
				DEAD_CODE_STRIPPING = YES;
				DEVELOPMENT_TEAM = 87BYBPA255;
				GENERATE_INFOPLIST_FILE = YES;
				MARKETING_VERSION = 1.0;
				PRODUCT_BUNDLE_IDENTIFIER = com.opylypenko.EssentialFeedEndToEndTests;
				PRODUCT_NAME = "$(TARGET_NAME)";
				SUPPORTED_PLATFORMS = "macosx iphoneos iphonesimulator";
				SWIFT_EMIT_LOC_STRINGS = NO;
				SWIFT_VERSION = 5.0;
			};
			name = Debug;
		};
		37A5B4C22ADC5C1C0093438A /* Release */ = {
			isa = XCBuildConfiguration;
			buildSettings = {
				CODE_SIGN_STYLE = Automatic;
				CURRENT_PROJECT_VERSION = 1;
				DEAD_CODE_STRIPPING = YES;
				DEVELOPMENT_TEAM = 87BYBPA255;
				GENERATE_INFOPLIST_FILE = YES;
				MARKETING_VERSION = 1.0;
				PRODUCT_BUNDLE_IDENTIFIER = com.opylypenko.EssentialFeedEndToEndTests;
				PRODUCT_NAME = "$(TARGET_NAME)";
				SUPPORTED_PLATFORMS = "macosx iphoneos iphonesimulator";
				SWIFT_EMIT_LOC_STRINGS = NO;
				SWIFT_VERSION = 5.0;
			};
			name = Release;
		};
		37B2CF6A2B5494430029803E /* Debug */ = {
			isa = XCBuildConfiguration;
			buildSettings = {
				CODE_SIGN_STYLE = Automatic;
				CURRENT_PROJECT_VERSION = 1;
				DEAD_CODE_STRIPPING = YES;
				DEVELOPMENT_TEAM = 6FB57AU239;
				GENERATE_INFOPLIST_FILE = YES;
				MACOSX_DEPLOYMENT_TARGET = 14.2;
				MARKETING_VERSION = 1.0;
				PRODUCT_BUNDLE_IDENTIFIER = com.opylypenko.EssentialFeedCacheIntegrationTests;
				PRODUCT_NAME = "$(TARGET_NAME)";
				SUPPORTED_PLATFORMS = "macosx iphoneos iphonesimulator";
				SWIFT_EMIT_LOC_STRINGS = NO;
				SWIFT_VERSION = 5.0;
			};
			name = Debug;
		};
		37B2CF6B2B5494430029803E /* Release */ = {
			isa = XCBuildConfiguration;
			buildSettings = {
				CODE_SIGN_STYLE = Automatic;
				CURRENT_PROJECT_VERSION = 1;
				DEAD_CODE_STRIPPING = YES;
				DEVELOPMENT_TEAM = 6FB57AU239;
				GENERATE_INFOPLIST_FILE = YES;
				MACOSX_DEPLOYMENT_TARGET = 14.2;
				MARKETING_VERSION = 1.0;
				PRODUCT_BUNDLE_IDENTIFIER = com.opylypenko.EssentialFeedCacheIntegrationTests;
				PRODUCT_NAME = "$(TARGET_NAME)";
				SUPPORTED_PLATFORMS = "macosx iphoneos iphonesimulator";
				SWIFT_EMIT_LOC_STRINGS = NO;
				SWIFT_VERSION = 5.0;
			};
			name = Release;
		};
/* End XCBuildConfiguration section */

/* Begin XCConfigurationList section */
		378472B02B586F800068BAC2 /* Build configuration list for PBXNativeTarget "EssentialFeediOS" */ = {
			isa = XCConfigurationList;
			buildConfigurations = (
				378472B12B586F800068BAC2 /* Debug */,
				378472B22B586F800068BAC2 /* Release */,
			);
			defaultConfigurationIsVisible = 0;
			defaultConfigurationName = Release;
		};
		378472B32B586F800068BAC2 /* Build configuration list for PBXNativeTarget "EssentialFeediOSTests" */ = {
			isa = XCConfigurationList;
			buildConfigurations = (
				378472B42B586F800068BAC2 /* Debug */,
				378472B52B586F800068BAC2 /* Release */,
			);
			defaultConfigurationIsVisible = 0;
			defaultConfigurationName = Release;
		};
		378A22FA2AD1522B0099BD13 /* Build configuration list for PBXProject "EssentialFeed" */ = {
			isa = XCConfigurationList;
			buildConfigurations = (
				378A23122AD1522B0099BD13 /* Debug */,
				378A23132AD1522B0099BD13 /* Release */,
			);
			defaultConfigurationIsVisible = 0;
			defaultConfigurationName = Release;
		};
		378A23142AD1522B0099BD13 /* Build configuration list for PBXNativeTarget "EssentialFeed" */ = {
			isa = XCConfigurationList;
			buildConfigurations = (
				378A23152AD1522B0099BD13 /* Debug */,
				378A23162AD1522B0099BD13 /* Release */,
			);
			defaultConfigurationIsVisible = 0;
			defaultConfigurationName = Release;
		};
		378A23172AD1522B0099BD13 /* Build configuration list for PBXNativeTarget "EssentialFeedTests" */ = {
			isa = XCConfigurationList;
			buildConfigurations = (
				378A23182AD1522B0099BD13 /* Debug */,
				378A23192AD1522B0099BD13 /* Release */,
			);
			defaultConfigurationIsVisible = 0;
			defaultConfigurationName = Release;
		};
		37A5B4C32ADC5C1C0093438A /* Build configuration list for PBXNativeTarget "EssentialFeedAPIEndToEndTests" */ = {
			isa = XCConfigurationList;
			buildConfigurations = (
				37A5B4C12ADC5C1C0093438A /* Debug */,
				37A5B4C22ADC5C1C0093438A /* Release */,
			);
			defaultConfigurationIsVisible = 0;
			defaultConfigurationName = Release;
		};
		37B2CF692B5494430029803E /* Build configuration list for PBXNativeTarget "EssentialFeedCacheIntegrationTests" */ = {
			isa = XCConfigurationList;
			buildConfigurations = (
				37B2CF6A2B5494430029803E /* Debug */,
				37B2CF6B2B5494430029803E /* Release */,
			);
			defaultConfigurationIsVisible = 0;
			defaultConfigurationName = Release;
		};
/* End XCConfigurationList section */

/* Begin XCVersionGroup section */
		37B2CF272B5450290029803E /* FeedStore.xcdatamodeld */ = {
			isa = XCVersionGroup;
			children = (
				37B2CF282B54502A0029803E /* FeedStore.xcdatamodel */,
			);
			currentVersion = 37B2CF282B54502A0029803E /* FeedStore.xcdatamodel */;
			path = FeedStore.xcdatamodeld;
			sourceTree = "<group>";
			versionGroupType = wrapper.xcdatamodel;
		};
/* End XCVersionGroup section */
	};
	rootObject = 378A22F72AD1522B0099BD13 /* Project object */;
}
