// !$*UTF8*$!
{
	archiveVersion = 1;
	classes = {
	};
	objectVersion = 56;
	objects = {

/* Begin PBXBuildFile section */
		378A23052AD1522B0099BD13 /* EssentialFeed.docc in Sources */ = {isa = PBXBuildFile; fileRef = 378A23042AD1522B0099BD13 /* EssentialFeed.docc */; };
		378A230B2AD1522B0099BD13 /* EssentialFeed.framework in Frameworks */ = {isa = PBXBuildFile; fileRef = 378A23002AD1522B0099BD13 /* EssentialFeed.framework */; };
		378A23102AD1522B0099BD13 /* LoadFeedFromRemoteUseCaseTests.swift in Sources */ = {isa = PBXBuildFile; fileRef = 378A230F2AD1522B0099BD13 /* LoadFeedFromRemoteUseCaseTests.swift */; };
		378A23112AD1522B0099BD13 /* EssentialFeed.h in Headers */ = {isa = PBXBuildFile; fileRef = 378A23032AD1522B0099BD13 /* EssentialFeed.h */; settings = {ATTRIBUTES = (Public, ); }; };
		378A231D2AD154080099BD13 /* FeedItem.swift in Sources */ = {isa = PBXBuildFile; fileRef = 378A231C2AD154080099BD13 /* FeedItem.swift */; };
		378A231F2AD15A940099BD13 /* FeedLoader.swift in Sources */ = {isa = PBXBuildFile; fileRef = 378A231E2AD15A940099BD13 /* FeedLoader.swift */; };
		378A23232AD181560099BD13 /* RemoteFeedLoader.swift in Sources */ = {isa = PBXBuildFile; fileRef = 378A23222AD181560099BD13 /* RemoteFeedLoader.swift */; };
		378A23252AD1D5BB0099BD13 /* HTTPClient.swift in Sources */ = {isa = PBXBuildFile; fileRef = 378A23242AD1D5BB0099BD13 /* HTTPClient.swift */; };
		378A23272AD1D6750099BD13 /* FeedItemsMapper.swift in Sources */ = {isa = PBXBuildFile; fileRef = 378A23262AD1D6750099BD13 /* FeedItemsMapper.swift */; };
		378A23CA2AD474460099BD13 /* URLSessionHTTPClientTests.swift in Sources */ = {isa = PBXBuildFile; fileRef = 378A23C92AD474450099BD13 /* URLSessionHTTPClientTests.swift */; };
		378A23DE2AD5F4C80099BD13 /* XCTestCase+MemoryLeaksTracking.swift in Sources */ = {isa = PBXBuildFile; fileRef = 378A23DD2AD5F4C80099BD13 /* XCTestCase+MemoryLeaksTracking.swift */; };
		3797BAB82AD98C360041F9E6 /* URLSessionHTTPClient.swift in Sources */ = {isa = PBXBuildFile; fileRef = 3797BAB72AD98C360041F9E6 /* URLSessionHTTPClient.swift */; };
		37A5B4BD2ADC5C1C0093438A /* EssentialFeedEndToEndTests.swift in Sources */ = {isa = PBXBuildFile; fileRef = 37A5B4BC2ADC5C1C0093438A /* EssentialFeedEndToEndTests.swift */; };
		37A5B4BE2ADC5C1C0093438A /* EssentialFeed.framework in Frameworks */ = {isa = PBXBuildFile; fileRef = 378A23002AD1522B0099BD13 /* EssentialFeed.framework */; };
		37A5B4C42ADC6D8B0093438A /* XCTestCase+MemoryLeaksTracking.swift in Sources */ = {isa = PBXBuildFile; fileRef = 378A23DD2AD5F4C80099BD13 /* XCTestCase+MemoryLeaksTracking.swift */; };
		37ED79982B46027A00E1A33F /* CacheFeedUseCaseTests.swift in Sources */ = {isa = PBXBuildFile; fileRef = 37ED79972B46027A00E1A33F /* CacheFeedUseCaseTests.swift */; };
		37ED799B2B46E93100E1A33F /* LocalFeedLoader.swift in Sources */ = {isa = PBXBuildFile; fileRef = 37ED799A2B46E93100E1A33F /* LocalFeedLoader.swift */; };
/* End PBXBuildFile section */

/* Begin PBXContainerItemProxy section */
		378A230C2AD1522B0099BD13 /* PBXContainerItemProxy */ = {
			isa = PBXContainerItemProxy;
			containerPortal = 378A22F72AD1522B0099BD13 /* Project object */;
			proxyType = 1;
			remoteGlobalIDString = 378A22FF2AD1522B0099BD13;
			remoteInfo = EssentialFeed;
		};
		37A5B4BF2ADC5C1C0093438A /* PBXContainerItemProxy */ = {
			isa = PBXContainerItemProxy;
			containerPortal = 378A22F72AD1522B0099BD13 /* Project object */;
			proxyType = 1;
			remoteGlobalIDString = 378A22FF2AD1522B0099BD13;
			remoteInfo = EssentialFeed;
		};
/* End PBXContainerItemProxy section */

/* Begin PBXFileReference section */
		377D91412ADD240F00E40353 /* CI.xctestplan */ = {isa = PBXFileReference; lastKnownFileType = text; name = CI.xctestplan; path = ../CI.xctestplan; sourceTree = "<group>"; };
		377D91422ADD251500E40353 /* EssentialFeed.xctestplan */ = {isa = PBXFileReference; lastKnownFileType = text; path = EssentialFeed.xctestplan; sourceTree = "<group>"; };
		378A23002AD1522B0099BD13 /* EssentialFeed.framework */ = {isa = PBXFileReference; explicitFileType = wrapper.framework; includeInIndex = 0; path = EssentialFeed.framework; sourceTree = BUILT_PRODUCTS_DIR; };
		378A23032AD1522B0099BD13 /* EssentialFeed.h */ = {isa = PBXFileReference; lastKnownFileType = sourcecode.c.h; path = EssentialFeed.h; sourceTree = "<group>"; };
		378A23042AD1522B0099BD13 /* EssentialFeed.docc */ = {isa = PBXFileReference; lastKnownFileType = folder.documentationcatalog; path = EssentialFeed.docc; sourceTree = "<group>"; };
		378A230A2AD1522B0099BD13 /* EssentialFeedTests.xctest */ = {isa = PBXFileReference; explicitFileType = wrapper.cfbundle; includeInIndex = 0; path = EssentialFeedTests.xctest; sourceTree = BUILT_PRODUCTS_DIR; };
		378A230F2AD1522B0099BD13 /* LoadFeedFromRemoteUseCaseTests.swift */ = {isa = PBXFileReference; lastKnownFileType = sourcecode.swift; path = LoadFeedFromRemoteUseCaseTests.swift; sourceTree = "<group>"; };
		378A231C2AD154080099BD13 /* FeedItem.swift */ = {isa = PBXFileReference; lastKnownFileType = sourcecode.swift; path = FeedItem.swift; sourceTree = "<group>"; };
		378A231E2AD15A940099BD13 /* FeedLoader.swift */ = {isa = PBXFileReference; lastKnownFileType = sourcecode.swift; path = FeedLoader.swift; sourceTree = "<group>"; };
		378A23222AD181560099BD13 /* RemoteFeedLoader.swift */ = {isa = PBXFileReference; lastKnownFileType = sourcecode.swift; path = RemoteFeedLoader.swift; sourceTree = "<group>"; };
		378A23242AD1D5BB0099BD13 /* HTTPClient.swift */ = {isa = PBXFileReference; lastKnownFileType = sourcecode.swift; path = HTTPClient.swift; sourceTree = "<group>"; };
		378A23262AD1D6750099BD13 /* FeedItemsMapper.swift */ = {isa = PBXFileReference; lastKnownFileType = sourcecode.swift; path = FeedItemsMapper.swift; sourceTree = "<group>"; };
		378A23C92AD474450099BD13 /* URLSessionHTTPClientTests.swift */ = {isa = PBXFileReference; lastKnownFileType = sourcecode.swift; path = URLSessionHTTPClientTests.swift; sourceTree = "<group>"; };
		378A23DD2AD5F4C80099BD13 /* XCTestCase+MemoryLeaksTracking.swift */ = {isa = PBXFileReference; lastKnownFileType = sourcecode.swift; name = "XCTestCase+MemoryLeaksTracking.swift"; path = "Helpers/XCTestCase+MemoryLeaksTracking.swift"; sourceTree = "<group>"; };
		3797BAB72AD98C360041F9E6 /* URLSessionHTTPClient.swift */ = {isa = PBXFileReference; lastKnownFileType = sourcecode.swift; path = URLSessionHTTPClient.swift; sourceTree = "<group>"; };
		37A5B4BA2ADC5C1C0093438A /* EssentialFeedEndToEndTests.xctest */ = {isa = PBXFileReference; explicitFileType = wrapper.cfbundle; includeInIndex = 0; path = EssentialFeedEndToEndTests.xctest; sourceTree = BUILT_PRODUCTS_DIR; };
		37A5B4BC2ADC5C1C0093438A /* EssentialFeedEndToEndTests.swift */ = {isa = PBXFileReference; lastKnownFileType = sourcecode.swift; path = EssentialFeedEndToEndTests.swift; sourceTree = "<group>"; };
		37ED79972B46027A00E1A33F /* CacheFeedUseCaseTests.swift */ = {isa = PBXFileReference; lastKnownFileType = sourcecode.swift; path = CacheFeedUseCaseTests.swift; sourceTree = "<group>"; };
		37ED799A2B46E93100E1A33F /* LocalFeedLoader.swift */ = {isa = PBXFileReference; lastKnownFileType = sourcecode.swift; path = LocalFeedLoader.swift; sourceTree = "<group>"; };
/* End PBXFileReference section */

/* Begin PBXFrameworksBuildPhase section */
		378A22FD2AD1522B0099BD13 /* Frameworks */ = {
			isa = PBXFrameworksBuildPhase;
			buildActionMask = 2147483647;
			files = (
			);
			runOnlyForDeploymentPostprocessing = 0;
		};
		378A23072AD1522B0099BD13 /* Frameworks */ = {
			isa = PBXFrameworksBuildPhase;
			buildActionMask = 2147483647;
			files = (
				378A230B2AD1522B0099BD13 /* EssentialFeed.framework in Frameworks */,
			);
			runOnlyForDeploymentPostprocessing = 0;
		};
		37A5B4B72ADC5C1C0093438A /* Frameworks */ = {
			isa = PBXFrameworksBuildPhase;
			buildActionMask = 2147483647;
			files = (
				37A5B4BE2ADC5C1C0093438A /* EssentialFeed.framework in Frameworks */,
			);
			runOnlyForDeploymentPostprocessing = 0;
		};
/* End PBXFrameworksBuildPhase section */

/* Begin PBXGroup section */
		378A22F62AD1522B0099BD13 = {
			isa = PBXGroup;
			children = (
				377D91422ADD251500E40353 /* EssentialFeed.xctestplan */,
				377D91412ADD240F00E40353 /* CI.xctestplan */,
				378A23022AD1522B0099BD13 /* EssentialFeed */,
				378A230E2AD1522B0099BD13 /* EssentialFeedTests */,
				37A5B4BB2ADC5C1C0093438A /* EssentialFeedEndToEndTests */,
				378A23012AD1522B0099BD13 /* Products */,
			);
			sourceTree = "<group>";
		};
		378A23012AD1522B0099BD13 /* Products */ = {
			isa = PBXGroup;
			children = (
				378A23002AD1522B0099BD13 /* EssentialFeed.framework */,
				378A230A2AD1522B0099BD13 /* EssentialFeedTests.xctest */,
				37A5B4BA2ADC5C1C0093438A /* EssentialFeedEndToEndTests.xctest */,
			);
			name = Products;
			sourceTree = "<group>";
		};
		378A23022AD1522B0099BD13 /* EssentialFeed */ = {
			isa = PBXGroup;
			children = (
				378A23032AD1522B0099BD13 /* EssentialFeed.h */,
				378A23042AD1522B0099BD13 /* EssentialFeed.docc */,
				37ED79992B46E90500E1A33F /* Feed Cache */,
				378A23202AD15C890099BD13 /* FeedFeature */,
			);
			path = EssentialFeed;
			sourceTree = "<group>";
		};
		378A230E2AD1522B0099BD13 /* EssentialFeedTests */ = {
			isa = PBXGroup;
			children = (
				378A23DC2AD5F4830099BD13 /* Helpers */,
				37ED79942B45E34400E1A33F /* Feed Cache */,
				378A23282AD1E2BF0099BD13 /* FeedAPI */,
			);
			path = EssentialFeedTests;
			sourceTree = "<group>";
		};
		378A23202AD15C890099BD13 /* FeedFeature */ = {
			isa = PBXGroup;
			children = (
				378A231C2AD154080099BD13 /* FeedItem.swift */,
				378A231E2AD15A940099BD13 /* FeedLoader.swift */,
				378A23212AD1812A0099BD13 /* FeedAPI */,
			);
			path = FeedFeature;
			sourceTree = "<group>";
		};
		378A23212AD1812A0099BD13 /* FeedAPI */ = {
			isa = PBXGroup;
			children = (
				378A23222AD181560099BD13 /* RemoteFeedLoader.swift */,
				378A23262AD1D6750099BD13 /* FeedItemsMapper.swift */,
				378A23242AD1D5BB0099BD13 /* HTTPClient.swift */,
				3797BAB72AD98C360041F9E6 /* URLSessionHTTPClient.swift */,
			);
			path = FeedAPI;
			sourceTree = "<group>";
		};
		378A23282AD1E2BF0099BD13 /* FeedAPI */ = {
			isa = PBXGroup;
			children = (
				378A230F2AD1522B0099BD13 /* LoadFeedFromRemoteUseCaseTests.swift */,
				378A23C92AD474450099BD13 /* URLSessionHTTPClientTests.swift */,
			);
			path = FeedAPI;
			sourceTree = "<group>";
		};
		378A23DC2AD5F4830099BD13 /* Helpers */ = {
			isa = PBXGroup;
			children = (
				378A23DD2AD5F4C80099BD13 /* XCTestCase+MemoryLeaksTracking.swift */,
			);
			name = Helpers;
			path = FeedAPI;
			sourceTree = "<group>";
		};
		37A5B4BB2ADC5C1C0093438A /* EssentialFeedEndToEndTests */ = {
			isa = PBXGroup;
			children = (
				37A5B4BC2ADC5C1C0093438A /* EssentialFeedEndToEndTests.swift */,
			);
			path = EssentialFeedEndToEndTests;
			sourceTree = "<group>";
		};
		37ED79942B45E34400E1A33F /* Feed Cache */ = {
			isa = PBXGroup;
			children = (
				37ED79972B46027A00E1A33F /* CacheFeedUseCaseTests.swift */,
			);
			path = "Feed Cache";
			sourceTree = "<group>";
		};
		37ED79992B46E90500E1A33F /* Feed Cache */ = {
			isa = PBXGroup;
			children = (
				37ED799A2B46E93100E1A33F /* LocalFeedLoader.swift */,
			);
			path = "Feed Cache";
			sourceTree = "<group>";
		};
/* End PBXGroup section */

/* Begin PBXHeadersBuildPhase section */
		378A22FB2AD1522B0099BD13 /* Headers */ = {
			isa = PBXHeadersBuildPhase;
			buildActionMask = 2147483647;
			files = (
				378A23112AD1522B0099BD13 /* EssentialFeed.h in Headers */,
			);
			runOnlyForDeploymentPostprocessing = 0;
		};
/* End PBXHeadersBuildPhase section */

/* Begin PBXNativeTarget section */
		378A22FF2AD1522B0099BD13 /* EssentialFeed */ = {
			isa = PBXNativeTarget;
			buildConfigurationList = 378A23142AD1522B0099BD13 /* Build configuration list for PBXNativeTarget "EssentialFeed" */;
			buildPhases = (
				378A22FB2AD1522B0099BD13 /* Headers */,
				378A22FC2AD1522B0099BD13 /* Sources */,
				378A22FD2AD1522B0099BD13 /* Frameworks */,
				378A22FE2AD1522B0099BD13 /* Resources */,
			);
			buildRules = (
			);
			dependencies = (
			);
			name = EssentialFeed;
			productName = EssentialFeed;
			productReference = 378A23002AD1522B0099BD13 /* EssentialFeed.framework */;
			productType = "com.apple.product-type.framework";
		};
		378A23092AD1522B0099BD13 /* EssentialFeedTests */ = {
			isa = PBXNativeTarget;
			buildConfigurationList = 378A23172AD1522B0099BD13 /* Build configuration list for PBXNativeTarget "EssentialFeedTests" */;
			buildPhases = (
				378A23062AD1522B0099BD13 /* Sources */,
				378A23072AD1522B0099BD13 /* Frameworks */,
				378A23082AD1522B0099BD13 /* Resources */,
			);
			buildRules = (
			);
			dependencies = (
				378A230D2AD1522B0099BD13 /* PBXTargetDependency */,
			);
			name = EssentialFeedTests;
			productName = EssentialFeedTests;
			productReference = 378A230A2AD1522B0099BD13 /* EssentialFeedTests.xctest */;
			productType = "com.apple.product-type.bundle.unit-test";
		};
		37A5B4B92ADC5C1C0093438A /* EssentialFeedEndToEndTests */ = {
			isa = PBXNativeTarget;
			buildConfigurationList = 37A5B4C32ADC5C1C0093438A /* Build configuration list for PBXNativeTarget "EssentialFeedEndToEndTests" */;
			buildPhases = (
				37A5B4B62ADC5C1C0093438A /* Sources */,
				37A5B4B72ADC5C1C0093438A /* Frameworks */,
				37A5B4B82ADC5C1C0093438A /* Resources */,
			);
			buildRules = (
			);
			dependencies = (
				37A5B4C02ADC5C1C0093438A /* PBXTargetDependency */,
			);
			name = EssentialFeedEndToEndTests;
			productName = EssentialFeedEndToEndTests;
			productReference = 37A5B4BA2ADC5C1C0093438A /* EssentialFeedEndToEndTests.xctest */;
			productType = "com.apple.product-type.bundle.unit-test";
		};
/* End PBXNativeTarget section */

/* Begin PBXProject section */
		378A22F72AD1522B0099BD13 /* Project object */ = {
			isa = PBXProject;
			attributes = {
				BuildIndependentTargetsInParallel = 1;
				LastSwiftUpdateCheck = 1500;
				LastUpgradeCheck = 1500;
				TargetAttributes = {
					378A22FF2AD1522B0099BD13 = {
						CreatedOnToolsVersion = 15.0;
					};
					378A23092AD1522B0099BD13 = {
						CreatedOnToolsVersion = 15.0;
					};
					37A5B4B92ADC5C1C0093438A = {
						CreatedOnToolsVersion = 15.0;
					};
				};
			};
			buildConfigurationList = 378A22FA2AD1522B0099BD13 /* Build configuration list for PBXProject "EssentialFeed" */;
			compatibilityVersion = "Xcode 14.0";
			developmentRegion = en;
			hasScannedForEncodings = 0;
			knownRegions = (
				en,
				Base,
			);
			mainGroup = 378A22F62AD1522B0099BD13;
			productRefGroup = 378A23012AD1522B0099BD13 /* Products */;
			projectDirPath = "";
			projectRoot = "";
			targets = (
				378A22FF2AD1522B0099BD13 /* EssentialFeed */,
				378A23092AD1522B0099BD13 /* EssentialFeedTests */,
				37A5B4B92ADC5C1C0093438A /* EssentialFeedEndToEndTests */,
			);
		};
/* End PBXProject section */

/* Begin PBXResourcesBuildPhase section */
		378A22FE2AD1522B0099BD13 /* Resources */ = {
			isa = PBXResourcesBuildPhase;
			buildActionMask = 2147483647;
			files = (
			);
			runOnlyForDeploymentPostprocessing = 0;
		};
		378A23082AD1522B0099BD13 /* Resources */ = {
			isa = PBXResourcesBuildPhase;
			buildActionMask = 2147483647;
			files = (
			);
			runOnlyForDeploymentPostprocessing = 0;
		};
		37A5B4B82ADC5C1C0093438A /* Resources */ = {
			isa = PBXResourcesBuildPhase;
			buildActionMask = 2147483647;
			files = (
			);
			runOnlyForDeploymentPostprocessing = 0;
		};
/* End PBXResourcesBuildPhase section */

/* Begin PBXSourcesBuildPhase section */
		378A22FC2AD1522B0099BD13 /* Sources */ = {
			isa = PBXSourcesBuildPhase;
			buildActionMask = 2147483647;
			files = (
				3797BAB82AD98C360041F9E6 /* URLSessionHTTPClient.swift in Sources */,
				378A23232AD181560099BD13 /* RemoteFeedLoader.swift in Sources */,
				378A23252AD1D5BB0099BD13 /* HTTPClient.swift in Sources */,
				378A231F2AD15A940099BD13 /* FeedLoader.swift in Sources */,
				378A23272AD1D6750099BD13 /* FeedItemsMapper.swift in Sources */,
				378A231D2AD154080099BD13 /* FeedItem.swift in Sources */,
				37ED799B2B46E93100E1A33F /* LocalFeedLoader.swift in Sources */,
				378A23052AD1522B0099BD13 /* EssentialFeed.docc in Sources */,
			);
			runOnlyForDeploymentPostprocessing = 0;
		};
		378A23062AD1522B0099BD13 /* Sources */ = {
			isa = PBXSourcesBuildPhase;
			buildActionMask = 2147483647;
			files = (
				378A23102AD1522B0099BD13 /* LoadFeedFromRemoteUseCaseTests.swift in Sources */,
				378A23DE2AD5F4C80099BD13 /* XCTestCase+MemoryLeaksTracking.swift in Sources */,
				37ED79982B46027A00E1A33F /* CacheFeedUseCaseTests.swift in Sources */,
				378A23CA2AD474460099BD13 /* URLSessionHTTPClientTests.swift in Sources */,
			);
			runOnlyForDeploymentPostprocessing = 0;
		};
		37A5B4B62ADC5C1C0093438A /* Sources */ = {
			isa = PBXSourcesBuildPhase;
			buildActionMask = 2147483647;
			files = (
				37A5B4BD2ADC5C1C0093438A /* EssentialFeedEndToEndTests.swift in Sources */,
				37A5B4C42ADC6D8B0093438A /* XCTestCase+MemoryLeaksTracking.swift in Sources */,
			);
			runOnlyForDeploymentPostprocessing = 0;
		};
/* End PBXSourcesBuildPhase section */

/* Begin PBXTargetDependency section */
		378A230D2AD1522B0099BD13 /* PBXTargetDependency */ = {
			isa = PBXTargetDependency;
			target = 378A22FF2AD1522B0099BD13 /* EssentialFeed */;
			targetProxy = 378A230C2AD1522B0099BD13 /* PBXContainerItemProxy */;
		};
		37A5B4C02ADC5C1C0093438A /* PBXTargetDependency */ = {
			isa = PBXTargetDependency;
			target = 378A22FF2AD1522B0099BD13 /* EssentialFeed */;
			targetProxy = 37A5B4BF2ADC5C1C0093438A /* PBXContainerItemProxy */;
		};
/* End PBXTargetDependency section */

/* Begin XCBuildConfiguration section */
		378A23122AD1522B0099BD13 /* Debug */ = {
			isa = XCBuildConfiguration;
			buildSettings = {
				ALWAYS_SEARCH_USER_PATHS = NO;
				ASSETCATALOG_COMPILER_GENERATE_SWIFT_ASSET_SYMBOL_EXTENSIONS = YES;
				CLANG_ANALYZER_NONNULL = YES;
				CLANG_ANALYZER_NUMBER_OBJECT_CONVERSION = YES_AGGRESSIVE;
				CLANG_CXX_LANGUAGE_STANDARD = "gnu++20";
				CLANG_ENABLE_MODULES = YES;
				CLANG_ENABLE_OBJC_ARC = YES;
				CLANG_ENABLE_OBJC_WEAK = YES;
				CLANG_WARN_BLOCK_CAPTURE_AUTORELEASING = YES;
				CLANG_WARN_BOOL_CONVERSION = YES;
				CLANG_WARN_COMMA = YES;
				CLANG_WARN_CONSTANT_CONVERSION = YES;
				CLANG_WARN_DEPRECATED_OBJC_IMPLEMENTATIONS = YES;
				CLANG_WARN_DIRECT_OBJC_ISA_USAGE = YES_ERROR;
				CLANG_WARN_DOCUMENTATION_COMMENTS = YES;
				CLANG_WARN_EMPTY_BODY = YES;
				CLANG_WARN_ENUM_CONVERSION = YES;
				CLANG_WARN_INFINITE_RECURSION = YES;
				CLANG_WARN_INT_CONVERSION = YES;
				CLANG_WARN_NON_LITERAL_NULL_CONVERSION = YES;
				CLANG_WARN_OBJC_IMPLICIT_RETAIN_SELF = YES;
				CLANG_WARN_OBJC_LITERAL_CONVERSION = YES;
				CLANG_WARN_OBJC_ROOT_CLASS = YES_ERROR;
				CLANG_WARN_QUOTED_INCLUDE_IN_FRAMEWORK_HEADER = YES;
				CLANG_WARN_RANGE_LOOP_ANALYSIS = YES;
				CLANG_WARN_STRICT_PROTOTYPES = YES;
				CLANG_WARN_SUSPICIOUS_MOVE = YES;
				CLANG_WARN_UNGUARDED_AVAILABILITY = YES_AGGRESSIVE;
				CLANG_WARN_UNREACHABLE_CODE = YES;
				CLANG_WARN__DUPLICATE_METHOD_MATCH = YES;
				COPY_PHASE_STRIP = NO;
				CURRENT_PROJECT_VERSION = 1;
				DEBUG_INFORMATION_FORMAT = dwarf;
				ENABLE_STRICT_OBJC_MSGSEND = YES;
				ENABLE_TESTABILITY = YES;
				ENABLE_USER_SCRIPT_SANDBOXING = YES;
				GCC_C_LANGUAGE_STANDARD = gnu17;
				GCC_DYNAMIC_NO_PIC = NO;
				GCC_NO_COMMON_BLOCKS = YES;
				GCC_OPTIMIZATION_LEVEL = 0;
				GCC_PREPROCESSOR_DEFINITIONS = (
					"DEBUG=1",
					"$(inherited)",
				);
				GCC_WARN_64_TO_32_BIT_CONVERSION = YES;
				GCC_WARN_ABOUT_RETURN_TYPE = YES_ERROR;
				GCC_WARN_UNDECLARED_SELECTOR = YES;
				GCC_WARN_UNINITIALIZED_AUTOS = YES_AGGRESSIVE;
				GCC_WARN_UNUSED_FUNCTION = YES;
				GCC_WARN_UNUSED_VARIABLE = YES;
				LOCALIZATION_PREFERS_STRING_CATALOGS = YES;
				MACOSX_DEPLOYMENT_TARGET = 14.0;
				MTL_ENABLE_DEBUG_INFO = INCLUDE_SOURCE;
				MTL_FAST_MATH = YES;
				ONLY_ACTIVE_ARCH = YES;
				SDKROOT = macosx;
				SWIFT_ACTIVE_COMPILATION_CONDITIONS = "DEBUG $(inherited)";
				SWIFT_OPTIMIZATION_LEVEL = "-Onone";
				VERSIONING_SYSTEM = "apple-generic";
				VERSION_INFO_PREFIX = "";
			};
			name = Debug;
		};
		378A23132AD1522B0099BD13 /* Release */ = {
			isa = XCBuildConfiguration;
			buildSettings = {
				ALWAYS_SEARCH_USER_PATHS = NO;
				ASSETCATALOG_COMPILER_GENERATE_SWIFT_ASSET_SYMBOL_EXTENSIONS = YES;
				CLANG_ANALYZER_NONNULL = YES;
				CLANG_ANALYZER_NUMBER_OBJECT_CONVERSION = YES_AGGRESSIVE;
				CLANG_CXX_LANGUAGE_STANDARD = "gnu++20";
				CLANG_ENABLE_MODULES = YES;
				CLANG_ENABLE_OBJC_ARC = YES;
				CLANG_ENABLE_OBJC_WEAK = YES;
				CLANG_WARN_BLOCK_CAPTURE_AUTORELEASING = YES;
				CLANG_WARN_BOOL_CONVERSION = YES;
				CLANG_WARN_COMMA = YES;
				CLANG_WARN_CONSTANT_CONVERSION = YES;
				CLANG_WARN_DEPRECATED_OBJC_IMPLEMENTATIONS = YES;
				CLANG_WARN_DIRECT_OBJC_ISA_USAGE = YES_ERROR;
				CLANG_WARN_DOCUMENTATION_COMMENTS = YES;
				CLANG_WARN_EMPTY_BODY = YES;
				CLANG_WARN_ENUM_CONVERSION = YES;
				CLANG_WARN_INFINITE_RECURSION = YES;
				CLANG_WARN_INT_CONVERSION = YES;
				CLANG_WARN_NON_LITERAL_NULL_CONVERSION = YES;
				CLANG_WARN_OBJC_IMPLICIT_RETAIN_SELF = YES;
				CLANG_WARN_OBJC_LITERAL_CONVERSION = YES;
				CLANG_WARN_OBJC_ROOT_CLASS = YES_ERROR;
				CLANG_WARN_QUOTED_INCLUDE_IN_FRAMEWORK_HEADER = YES;
				CLANG_WARN_RANGE_LOOP_ANALYSIS = YES;
				CLANG_WARN_STRICT_PROTOTYPES = YES;
				CLANG_WARN_SUSPICIOUS_MOVE = YES;
				CLANG_WARN_UNGUARDED_AVAILABILITY = YES_AGGRESSIVE;
				CLANG_WARN_UNREACHABLE_CODE = YES;
				CLANG_WARN__DUPLICATE_METHOD_MATCH = YES;
				COPY_PHASE_STRIP = NO;
				CURRENT_PROJECT_VERSION = 1;
				DEBUG_INFORMATION_FORMAT = "dwarf-with-dsym";
				ENABLE_NS_ASSERTIONS = NO;
				ENABLE_STRICT_OBJC_MSGSEND = YES;
				ENABLE_USER_SCRIPT_SANDBOXING = YES;
				GCC_C_LANGUAGE_STANDARD = gnu17;
				GCC_NO_COMMON_BLOCKS = YES;
				GCC_WARN_64_TO_32_BIT_CONVERSION = YES;
				GCC_WARN_ABOUT_RETURN_TYPE = YES_ERROR;
				GCC_WARN_UNDECLARED_SELECTOR = YES;
				GCC_WARN_UNINITIALIZED_AUTOS = YES_AGGRESSIVE;
				GCC_WARN_UNUSED_FUNCTION = YES;
				GCC_WARN_UNUSED_VARIABLE = YES;
				LOCALIZATION_PREFERS_STRING_CATALOGS = YES;
				MACOSX_DEPLOYMENT_TARGET = 14.0;
				MTL_ENABLE_DEBUG_INFO = NO;
				MTL_FAST_MATH = YES;
				SDKROOT = macosx;
				SWIFT_COMPILATION_MODE = wholemodule;
				VERSIONING_SYSTEM = "apple-generic";
				VERSION_INFO_PREFIX = "";
			};
			name = Release;
		};
		378A23152AD1522B0099BD13 /* Debug */ = {
			isa = XCBuildConfiguration;
			buildSettings = {
				CODE_SIGN_STYLE = Automatic;
				COMBINE_HIDPI_IMAGES = YES;
				CURRENT_PROJECT_VERSION = 1;
				DEFINES_MODULE = YES;
				DEVELOPMENT_TEAM = 6FB57AU239;
				DYLIB_COMPATIBILITY_VERSION = 1;
				DYLIB_CURRENT_VERSION = 1;
				DYLIB_INSTALL_NAME_BASE = "@rpath";
				ENABLE_MODULE_VERIFIER = YES;
				GENERATE_INFOPLIST_FILE = YES;
				INFOPLIST_KEY_NSHumanReadableCopyright = "";
				INSTALL_PATH = "$(LOCAL_LIBRARY_DIR)/Frameworks";
				LD_RUNPATH_SEARCH_PATHS = (
					"$(inherited)",
					"@executable_path/../Frameworks",
					"@loader_path/Frameworks",
				);
				MARKETING_VERSION = 1.0;
				MODULE_VERIFIER_SUPPORTED_LANGUAGES = "objective-c objective-c++";
				MODULE_VERIFIER_SUPPORTED_LANGUAGE_STANDARDS = "gnu17 gnu++20";
				PRODUCT_BUNDLE_IDENTIFIER = com.opylypenko.EssentialFeed;
				PRODUCT_NAME = "$(TARGET_NAME:c99extidentifier)";
				SKIP_INSTALL = YES;
				SWIFT_EMIT_LOC_STRINGS = YES;
				SWIFT_VERSION = 5.0;
			};
			name = Debug;
		};
		378A23162AD1522B0099BD13 /* Release */ = {
			isa = XCBuildConfiguration;
			buildSettings = {
				CODE_SIGN_STYLE = Automatic;
				COMBINE_HIDPI_IMAGES = YES;
				CURRENT_PROJECT_VERSION = 1;
				DEFINES_MODULE = YES;
				DEVELOPMENT_TEAM = 6FB57AU239;
				DYLIB_COMPATIBILITY_VERSION = 1;
				DYLIB_CURRENT_VERSION = 1;
				DYLIB_INSTALL_NAME_BASE = "@rpath";
				ENABLE_MODULE_VERIFIER = YES;
				GENERATE_INFOPLIST_FILE = YES;
				INFOPLIST_KEY_NSHumanReadableCopyright = "";
				INSTALL_PATH = "$(LOCAL_LIBRARY_DIR)/Frameworks";
				LD_RUNPATH_SEARCH_PATHS = (
					"$(inherited)",
					"@executable_path/../Frameworks",
					"@loader_path/Frameworks",
				);
				MARKETING_VERSION = 1.0;
				MODULE_VERIFIER_SUPPORTED_LANGUAGES = "objective-c objective-c++";
				MODULE_VERIFIER_SUPPORTED_LANGUAGE_STANDARDS = "gnu17 gnu++20";
				PRODUCT_BUNDLE_IDENTIFIER = com.opylypenko.EssentialFeed;
				PRODUCT_NAME = "$(TARGET_NAME:c99extidentifier)";
				SKIP_INSTALL = YES;
				SWIFT_EMIT_LOC_STRINGS = YES;
				SWIFT_VERSION = 5.0;
			};
			name = Release;
		};
		378A23182AD1522B0099BD13 /* Debug */ = {
			isa = XCBuildConfiguration;
			buildSettings = {
				ALWAYS_EMBED_SWIFT_STANDARD_LIBRARIES = YES;
				CODE_SIGN_STYLE = Automatic;
				CURRENT_PROJECT_VERSION = 1;
				DEVELOPMENT_TEAM = 6FB57AU239;
				GENERATE_INFOPLIST_FILE = YES;
				MARKETING_VERSION = 1.0;
				PRODUCT_BUNDLE_IDENTIFIER = com.opylypenko.EssentialFeedTests;
				PRODUCT_NAME = "$(TARGET_NAME)";
				SWIFT_EMIT_LOC_STRINGS = NO;
				SWIFT_VERSION = 5.0;
			};
			name = Debug;
		};
		378A23192AD1522B0099BD13 /* Release */ = {
			isa = XCBuildConfiguration;
			buildSettings = {
				ALWAYS_EMBED_SWIFT_STANDARD_LIBRARIES = YES;
				CODE_SIGN_STYLE = Automatic;
				CURRENT_PROJECT_VERSION = 1;
				DEVELOPMENT_TEAM = 6FB57AU239;
				GENERATE_INFOPLIST_FILE = YES;
				MARKETING_VERSION = 1.0;
				PRODUCT_BUNDLE_IDENTIFIER = com.opylypenko.EssentialFeedTests;
				PRODUCT_NAME = "$(TARGET_NAME)";
				SWIFT_EMIT_LOC_STRINGS = NO;
				SWIFT_VERSION = 5.0;
			};
			name = Release;
		};
		37A5B4C12ADC5C1C0093438A /* Debug */ = {
			isa = XCBuildConfiguration;
			buildSettings = {
				CODE_SIGN_STYLE = Automatic;
				CURRENT_PROJECT_VERSION = 1;
				DEVELOPMENT_TEAM = 87BYBPA255;
				GENERATE_INFOPLIST_FILE = YES;
				MARKETING_VERSION = 1.0;
				PRODUCT_BUNDLE_IDENTIFIER = com.opylypenko.EssentialFeedEndToEndTests;
				PRODUCT_NAME = "$(TARGET_NAME)";
				SWIFT_EMIT_LOC_STRINGS = NO;
				SWIFT_VERSION = 5.0;
			};
			name = Debug;
		};
		37A5B4C22ADC5C1C0093438A /* Release */ = {
			isa = XCBuildConfiguration;
			buildSettings = {
				CODE_SIGN_STYLE = Automatic;
				CURRENT_PROJECT_VERSION = 1;
				DEVELOPMENT_TEAM = 87BYBPA255;
				GENERATE_INFOPLIST_FILE = YES;
				MARKETING_VERSION = 1.0;
				PRODUCT_BUNDLE_IDENTIFIER = com.opylypenko.EssentialFeedEndToEndTests;
				PRODUCT_NAME = "$(TARGET_NAME)";
				SWIFT_EMIT_LOC_STRINGS = NO;
				SWIFT_VERSION = 5.0;
			};
			name = Release;
		};
/* End XCBuildConfiguration section */

/* Begin XCConfigurationList section */
		378A22FA2AD1522B0099BD13 /* Build configuration list for PBXProject "EssentialFeed" */ = {
			isa = XCConfigurationList;
			buildConfigurations = (
				378A23122AD1522B0099BD13 /* Debug */,
				378A23132AD1522B0099BD13 /* Release */,
			);
			defaultConfigurationIsVisible = 0;
			defaultConfigurationName = Release;
		};
		378A23142AD1522B0099BD13 /* Build configuration list for PBXNativeTarget "EssentialFeed" */ = {
			isa = XCConfigurationList;
			buildConfigurations = (
				378A23152AD1522B0099BD13 /* Debug */,
				378A23162AD1522B0099BD13 /* Release */,
			);
			defaultConfigurationIsVisible = 0;
			defaultConfigurationName = Release;
		};
		378A23172AD1522B0099BD13 /* Build configuration list for PBXNativeTarget "EssentialFeedTests" */ = {
			isa = XCConfigurationList;
			buildConfigurations = (
				378A23182AD1522B0099BD13 /* Debug */,
				378A23192AD1522B0099BD13 /* Release */,
			);
			defaultConfigurationIsVisible = 0;
			defaultConfigurationName = Release;
		};
		37A5B4C32ADC5C1C0093438A /* Build configuration list for PBXNativeTarget "EssentialFeedEndToEndTests" */ = {
			isa = XCConfigurationList;
			buildConfigurations = (
				37A5B4C12ADC5C1C0093438A /* Debug */,
				37A5B4C22ADC5C1C0093438A /* Release */,
			);
			defaultConfigurationIsVisible = 0;
			defaultConfigurationName = Release;
		};
/* End XCConfigurationList section */
	};
	rootObject = 378A22F72AD1522B0099BD13 /* Project object */;
}
